// !$*UTF8*$!
{
	archiveVersion = 1;
	classes = {
	};
	objectVersion = 46;
	objects = {

/* Begin PBXBuildFile section */
		D6E150DA1F24764A00C2AD3D /* HPatchZ.cpp in Sources */ = {isa = PBXBuildFile; fileRef = D6E150D91F24764A00C2AD3D /* HPatchZ.cpp */; };
		D6E150DF1F24765600C2AD3D /* patch.c in Sources */ = {isa = PBXBuildFile; fileRef = D6E150DC1F24765600C2AD3D /* patch.c */; };
		D6E150E81F24816400C2AD3D /* libbz2.tbd in Frameworks */ = {isa = PBXBuildFile; fileRef = D6E150E61F24816400C2AD3D /* libbz2.tbd */; };
		D6E150E91F24816400C2AD3D /* libz.tbd in Frameworks */ = {isa = PBXBuildFile; fileRef = D6E150E71F24816400C2AD3D /* libz.tbd */; };
/* End PBXBuildFile section */

/* Begin PBXContainerItemProxy section */
		D6E150EE1F2481BB00C2AD3D /* PBXContainerItemProxy */ = {
			isa = PBXContainerItemProxy;
			containerPortal = D6E150EA1F2481BB00C2AD3D /* lzma.xcodeproj */;
			proxyType = 2;
			remoteGlobalIDString = D690ABCE1F208EA80089DC57;
			remoteInfo = lzma;
		};
/* End PBXContainerItemProxy section */

/* Begin PBXCopyFilesBuildPhase section */
		D6E150CD1F2475E200C2AD3D /* CopyFiles */ = {
			isa = PBXCopyFilesBuildPhase;
			buildActionMask = 2147483647;
			dstPath = /usr/share/man/man1/;
			dstSubfolderSpec = 0;
			files = (
			);
			runOnlyForDeploymentPostprocessing = 1;
		};
/* End PBXCopyFilesBuildPhase section */

/* Begin PBXFileReference section */
		D6E150CF1F2475E200C2AD3D /* HPatchZ */ = {isa = PBXFileReference; explicitFileType = "compiled.mach-o.executable"; includeInIndex = 0; path = HPatchZ; sourceTree = BUILT_PRODUCTS_DIR; };
		D6E150D91F24764A00C2AD3D /* HPatchZ.cpp */ = {isa = PBXFileReference; fileEncoding = 4; lastKnownFileType = sourcecode.cpp.cpp; name = HPatchZ.cpp; path = ../../HPatchZ.cpp; sourceTree = "<group>"; };
		D6E150DC1F24765600C2AD3D /* patch.c */ = {isa = PBXFileReference; fileEncoding = 4; lastKnownFileType = sourcecode.c.c; path = patch.c; sourceTree = "<group>"; };
		D6E150DD1F24765600C2AD3D /* patch.h */ = {isa = PBXFileReference; fileEncoding = 4; lastKnownFileType = sourcecode.c.h; path = patch.h; sourceTree = "<group>"; };
		D6E150DE1F24765600C2AD3D /* patch_types.h */ = {isa = PBXFileReference; fileEncoding = 4; lastKnownFileType = sourcecode.c.h; path = patch_types.h; sourceTree = "<group>"; };
		D6E150E01F24768B00C2AD3D /* decompress_plugin_demo.h */ = {isa = PBXFileReference; fileEncoding = 4; lastKnownFileType = sourcecode.c.h; name = decompress_plugin_demo.h; path = ../../decompress_plugin_demo.h; sourceTree = "<group>"; };
		D6E150E61F24816400C2AD3D /* libbz2.tbd */ = {isa = PBXFileReference; lastKnownFileType = "sourcecode.text-based-dylib-definition"; name = libbz2.tbd; path = usr/lib/libbz2.tbd; sourceTree = SDKROOT; };
		D6E150E71F24816400C2AD3D /* libz.tbd */ = {isa = PBXFileReference; lastKnownFileType = "sourcecode.text-based-dylib-definition"; name = libz.tbd; path = usr/lib/libz.tbd; sourceTree = SDKROOT; };
		D6E150EA1F2481BB00C2AD3D /* lzma.xcodeproj */ = {isa = PBXFileReference; lastKnownFileType = "wrapper.pb-project"; path = lzma.xcodeproj; sourceTree = "<group>"; };
/* End PBXFileReference section */

/* Begin PBXFrameworksBuildPhase section */
		D6E150CC1F2475E200C2AD3D /* Frameworks */ = {
			isa = PBXFrameworksBuildPhase;
			buildActionMask = 2147483647;
			files = (
				D6E150E81F24816400C2AD3D /* libbz2.tbd in Frameworks */,
				D6E150E91F24816400C2AD3D /* libz.tbd in Frameworks */,
			);
			runOnlyForDeploymentPostprocessing = 0;
		};
/* End PBXFrameworksBuildPhase section */

/* Begin PBXGroup section */
		D6E150C61F2475E200C2AD3D = {
			isa = PBXGroup;
			children = (
				D6E150DB1F24765600C2AD3D /* HPatch */,
				D6E150E01F24768B00C2AD3D /* decompress_plugin_demo.h */,
				D6E150D91F24764A00C2AD3D /* HPatchZ.cpp */,
				D6E150D01F2475E200C2AD3D /* Products */,
				D6E150E11F2480A100C2AD3D /* Frameworks */,
			);
			sourceTree = "<group>";
		};
		D6E150D01F2475E200C2AD3D /* Products */ = {
			isa = PBXGroup;
			children = (
				D6E150CF1F2475E200C2AD3D /* HPatchZ */,
			);
			name = Products;
			sourceTree = "<group>";
		};
		D6E150DB1F24765600C2AD3D /* HPatch */ = {
			isa = PBXGroup;
			children = (
				D6E150DC1F24765600C2AD3D /* patch.c */,
				D6E150DD1F24765600C2AD3D /* patch.h */,
				D6E150DE1F24765600C2AD3D /* patch_types.h */,
			);
			name = HPatch;
			path = ../../libHDiffPatch/HPatch;
			sourceTree = "<group>";
		};
		D6E150E11F2480A100C2AD3D /* Frameworks */ = {
			isa = PBXGroup;
			children = (
				D6E150EA1F2481BB00C2AD3D /* lzma.xcodeproj */,
				D6E150E61F24816400C2AD3D /* libbz2.tbd */,
				D6E150E71F24816400C2AD3D /* libz.tbd */,
			);
			name = Frameworks;
			sourceTree = "<group>";
		};
		D6E150EB1F2481BB00C2AD3D /* Products */ = {
			isa = PBXGroup;
			children = (
				D6E150EF1F2481BB00C2AD3D /* liblzma.a */,
			);
			name = Products;
			sourceTree = "<group>";
		};
/* End PBXGroup section */

/* Begin PBXNativeTarget section */
		D6E150CE1F2475E200C2AD3D /* HPatchZ */ = {
			isa = PBXNativeTarget;
			buildConfigurationList = D6E150D61F2475E200C2AD3D /* Build configuration list for PBXNativeTarget "HPatchZ" */;
			buildPhases = (
				D6E150CB1F2475E200C2AD3D /* Sources */,
				D6E150CC1F2475E200C2AD3D /* Frameworks */,
				D6E150CD1F2475E200C2AD3D /* CopyFiles */,
			);
			buildRules = (
			);
			dependencies = (
			);
			name = HPatchZ;
			productName = HPatchZ;
			productReference = D6E150CF1F2475E200C2AD3D /* HPatchZ */;
			productType = "com.apple.product-type.tool";
		};
/* End PBXNativeTarget section */

/* Begin PBXProject section */
		D6E150C71F2475E200C2AD3D /* Project object */ = {
			isa = PBXProject;
			attributes = {
				LastUpgradeCheck = 0830;
				ORGANIZATIONNAME = housisong;
				TargetAttributes = {
					D6E150CE1F2475E200C2AD3D = {
						CreatedOnToolsVersion = 8.3.3;
						ProvisioningStyle = Automatic;
					};
				};
			};
			buildConfigurationList = D6E150CA1F2475E200C2AD3D /* Build configuration list for PBXProject "HPatchZ" */;
			compatibilityVersion = "Xcode 3.2";
			developmentRegion = English;
			hasScannedForEncodings = 0;
			knownRegions = (
				en,
			);
			mainGroup = D6E150C61F2475E200C2AD3D;
			productRefGroup = D6E150D01F2475E200C2AD3D /* Products */;
			projectDirPath = "";
			projectReferences = (
				{
					ProductGroup = D6E150EB1F2481BB00C2AD3D /* Products */;
					ProjectRef = D6E150EA1F2481BB00C2AD3D /* lzma.xcodeproj */;
				},
			);
			projectRoot = "";
			targets = (
				D6E150CE1F2475E200C2AD3D /* HPatchZ */,
			);
		};
/* End PBXProject section */

/* Begin PBXReferenceProxy section */
		D6E150EF1F2481BB00C2AD3D /* liblzma.a */ = {
			isa = PBXReferenceProxy;
			fileType = archive.ar;
			path = liblzma.a;
			remoteRef = D6E150EE1F2481BB00C2AD3D /* PBXContainerItemProxy */;
			sourceTree = BUILT_PRODUCTS_DIR;
		};
/* End PBXReferenceProxy section */

/* Begin PBXSourcesBuildPhase section */
		D6E150CB1F2475E200C2AD3D /* Sources */ = {
			isa = PBXSourcesBuildPhase;
			buildActionMask = 2147483647;
			files = (
				D6E150DF1F24765600C2AD3D /* patch.c in Sources */,
				D6E150DA1F24764A00C2AD3D /* HPatchZ.cpp in Sources */,
			);
			runOnlyForDeploymentPostprocessing = 0;
		};
/* End PBXSourcesBuildPhase section */

/* Begin XCBuildConfiguration section */
		D6E150D41F2475E200C2AD3D /* Debug */ = {
			isa = XCBuildConfiguration;
			buildSettings = {
				ALWAYS_SEARCH_USER_PATHS = NO;
				CLANG_ANALYZER_NONNULL = YES;
				CLANG_ANALYZER_NUMBER_OBJECT_CONVERSION = YES_AGGRESSIVE;
				CLANG_CXX_LANGUAGE_STANDARD = "gnu++0x";
				CLANG_CXX_LIBRARY = "libc++";
				CLANG_ENABLE_MODULES = YES;
				CLANG_ENABLE_OBJC_ARC = YES;
				CLANG_WARN_BOOL_CONVERSION = YES;
				CLANG_WARN_CONSTANT_CONVERSION = YES;
				CLANG_WARN_DIRECT_OBJC_ISA_USAGE = YES_ERROR;
				CLANG_WARN_DOCUMENTATION_COMMENTS = YES;
				CLANG_WARN_EMPTY_BODY = YES;
				CLANG_WARN_ENUM_CONVERSION = YES;
				CLANG_WARN_INFINITE_RECURSION = YES;
				CLANG_WARN_INT_CONVERSION = YES;
				CLANG_WARN_OBJC_ROOT_CLASS = YES_ERROR;
				CLANG_WARN_SUSPICIOUS_MOVE = YES;
				CLANG_WARN_UNREACHABLE_CODE = YES;
				CLANG_WARN__DUPLICATE_METHOD_MATCH = YES;
				CODE_SIGN_IDENTITY = "-";
				COPY_PHASE_STRIP = NO;
				DEBUG_INFORMATION_FORMAT = dwarf;
				ENABLE_STRICT_OBJC_MSGSEND = YES;
				ENABLE_TESTABILITY = YES;
				GCC_C_LANGUAGE_STANDARD = gnu99;
				GCC_DYNAMIC_NO_PIC = NO;
				GCC_NO_COMMON_BLOCKS = YES;
				GCC_OPTIMIZATION_LEVEL = 0;
				GCC_PREPROCESSOR_DEFINITIONS = (
					"DEBUG=1",
					"$(inherited)",
				);
				GCC_WARN_64_TO_32_BIT_CONVERSION = YES;
				GCC_WARN_ABOUT_RETURN_TYPE = YES_ERROR;
				GCC_WARN_UNDECLARED_SELECTOR = YES;
				GCC_WARN_UNINITIALIZED_AUTOS = YES_AGGRESSIVE;
				GCC_WARN_UNUSED_FUNCTION = YES;
				GCC_WARN_UNUSED_VARIABLE = YES;
				MACOSX_DEPLOYMENT_TARGET = 10.12;
				MTL_ENABLE_DEBUG_INFO = YES;
				ONLY_ACTIVE_ARCH = YES;
				SDKROOT = macosx;
			};
			name = Debug;
		};
		D6E150D51F2475E200C2AD3D /* Release */ = {
			isa = XCBuildConfiguration;
			buildSettings = {
				ALWAYS_SEARCH_USER_PATHS = NO;
				CLANG_ANALYZER_NONNULL = YES;
				CLANG_ANALYZER_NUMBER_OBJECT_CONVERSION = YES_AGGRESSIVE;
				CLANG_CXX_LANGUAGE_STANDARD = "gnu++0x";
				CLANG_CXX_LIBRARY = "libc++";
				CLANG_ENABLE_MODULES = YES;
				CLANG_ENABLE_OBJC_ARC = YES;
				CLANG_WARN_BOOL_CONVERSION = YES;
				CLANG_WARN_CONSTANT_CONVERSION = YES;
				CLANG_WARN_DIRECT_OBJC_ISA_USAGE = YES_ERROR;
				CLANG_WARN_DOCUMENTATION_COMMENTS = YES;
				CLANG_WARN_EMPTY_BODY = YES;
				CLANG_WARN_ENUM_CONVERSION = YES;
				CLANG_WARN_INFINITE_RECURSION = YES;
				CLANG_WARN_INT_CONVERSION = YES;
				CLANG_WARN_OBJC_ROOT_CLASS = YES_ERROR;
				CLANG_WARN_SUSPICIOUS_MOVE = YES;
				CLANG_WARN_UNREACHABLE_CODE = YES;
				CLANG_WARN__DUPLICATE_METHOD_MATCH = YES;
				CODE_SIGN_IDENTITY = "-";
				COPY_PHASE_STRIP = NO;
				DEBUG_INFORMATION_FORMAT = "dwarf-with-dsym";
				ENABLE_NS_ASSERTIONS = NO;
				ENABLE_STRICT_OBJC_MSGSEND = YES;
				GCC_C_LANGUAGE_STANDARD = gnu99;
				GCC_NO_COMMON_BLOCKS = YES;
				GCC_WARN_64_TO_32_BIT_CONVERSION = YES;
				GCC_WARN_ABOUT_RETURN_TYPE = YES_ERROR;
				GCC_WARN_UNDECLARED_SELECTOR = YES;
				GCC_WARN_UNINITIALIZED_AUTOS = YES_AGGRESSIVE;
				GCC_WARN_UNUSED_FUNCTION = YES;
				GCC_WARN_UNUSED_VARIABLE = YES;
				MACOSX_DEPLOYMENT_TARGET = 10.12;
				MTL_ENABLE_DEBUG_INFO = NO;
				SDKROOT = macosx;
			};
			name = Release;
		};
		D6E150D71F2475E200C2AD3D /* Debug */ = {
			isa = XCBuildConfiguration;
			buildSettings = {
				PRODUCT_NAME = "$(TARGET_NAME)";
			};
			name = Debug;
		};
		D6E150D81F2475E200C2AD3D /* Release */ = {
			isa = XCBuildConfiguration;
			buildSettings = {
				PRODUCT_NAME = "$(TARGET_NAME)";
			};
			name = Release;
		};
/* End XCBuildConfiguration section */

/* Begin XCConfigurationList section */
		D6E150CA1F2475E200C2AD3D /* Build configuration list for PBXProject "HPatchZ" */ = {
			isa = XCConfigurationList;
			buildConfigurations = (
				D6E150D41F2475E200C2AD3D /* Debug */,
				D6E150D51F2475E200C2AD3D /* Release */,
			);
			defaultConfigurationIsVisible = 0;
			defaultConfigurationName = Release;
		};
		D6E150D61F2475E200C2AD3D /* Build configuration list for PBXNativeTarget "HPatchZ" */ = {
			isa = XCConfigurationList;
			buildConfigurations = (
				D6E150D71F2475E200C2AD3D /* Debug */,
				D6E150D81F2475E200C2AD3D /* Release */,
			);
			defaultConfigurationIsVisible = 0;
			defaultConfigurationName = Release;
		};
/* End XCConfigurationList section */
	};
	rootObject = D6E150C71F2475E200C2AD3D /* Project object */;
}
