Microsoft Visual Studio Solution File, Format Version 11.00
# Visual Studio 2010
Project("{8BC9CEB8-8B4A-11D0-8D11-00A0C91BC942}") = "hdiffz", "hdiffz.vcxproj", "{63934A83-25F5-4161-B19D-DFBAB1C257F1}"
EndProject
Project("{8BC9CEB8-8B4A-11D0-8D11-00A0C91BC942}") = "hpatchz", "hpatchz.vcxproj", "{F912761C-2C5B-4EB9-8666-C2320A9AF407}"
EndProject
Project("{8BC9CEB8-8B4A-11D0-8D11-00A0C91BC942}") = "unitTest", "unitTest.vcxproj", "{EF32F56D-E3CF-4D51-BCCC-9184E13ED0AD}"
EndProject
Global
	GlobalSection(SolutionConfigurationPlatforms) = preSolution
		Debug|x64 = Debug|x64
		Debug|x86 = Debug|x86
		Release|x64 = Release|x64
		Release|x86 = Release|x86
		ReleaseSFX|x64 = ReleaseSFX|x64
		ReleaseSFX|x86 = ReleaseSFX|x86
	EndGlobalSection
	GlobalSection(ProjectConfigurationPlatforms) = postSolution
		{63934A83-25F5-4161-B19D-DFBAB1C257F1}.Debug|x64.ActiveCfg = Debug|x64
		{63934A83-25F5-4161-B19D-DFBAB1C257F1}.Debug|x64.Build.0 = Debug|x64
		{63934A83-25F5-4161-B19D-DFBAB1C257F1}.Debug|x86.ActiveCfg = Debug|Win32
		{63934A83-25F5-4161-B19D-DFBAB1C257F1}.Debug|x86.Build.0 = Debug|Win32
		{63934A83-25F5-4161-B19D-DFBAB1C257F1}.Release|x64.ActiveCfg = Release|x64
		{63934A83-25F5-4161-B19D-DFBAB1C257F1}.Release|x64.Build.0 = Release|x64
		{63934A83-25F5-4161-B19D-DFBAB1C257F1}.Release|x86.ActiveCfg = Release|Win32
		{63934A83-25F5-4161-B19D-DFBAB1C257F1}.Release|x86.Build.0 = Release|Win32
		{63934A83-25F5-4161-B19D-DFBAB1C257F1}.ReleaseSFX|x64.ActiveCfg = Release|x64
		{63934A83-25F5-4161-B19D-DFBAB1C257F1}.ReleaseSFX|x64.Build.0 = Release|x64
		{63934A83-25F5-4161-B19D-DFBAB1C257F1}.ReleaseSFX|x86.ActiveCfg = Release|Win32
		{63934A83-25F5-4161-B19D-DFBAB1C257F1}.ReleaseSFX|x86.Build.0 = Release|Win32
		{F912761C-2C5B-4EB9-8666-C2320A9AF407}.Debug|x64.ActiveCfg = Debug|x64
		{F912761C-2C5B-4EB9-8666-C2320A9AF407}.Debug|x64.Build.0 = Debug|x64
		{F912761C-2C5B-4EB9-8666-C2320A9AF407}.Debug|x86.ActiveCfg = Debug|Win32
		{F912761C-2C5B-4EB9-8666-C2320A9AF407}.Debug|x86.Build.0 = Debug|Win32
		{F912761C-2C5B-4EB9-8666-C2320A9AF407}.Release|x64.ActiveCfg = Release|x64
		{F912761C-2C5B-4EB9-8666-C2320A9AF407}.Release|x64.Build.0 = Release|x64
		{F912761C-2C5B-4EB9-8666-C2320A9AF407}.Release|x86.ActiveCfg = Release|Win32
		{F912761C-2C5B-4EB9-8666-C2320A9AF407}.Release|x86.Build.0 = Release|Win32
		{F912761C-2C5B-4EB9-8666-C2320A9AF407}.ReleaseSFX|x64.ActiveCfg = ReleaseSFX|x64
		{F912761C-2C5B-4EB9-8666-C2320A9AF407}.ReleaseSFX|x64.Build.0 = ReleaseSFX|x64
		{F912761C-2C5B-4EB9-8666-C2320A9AF407}.ReleaseSFX|x86.ActiveCfg = ReleaseSFX|Win32
		{F912761C-2C5B-4EB9-8666-C2320A9AF407}.ReleaseSFX|x86.Build.0 = ReleaseSFX|Win32
		{EF32F56D-E3CF-4D51-BCCC-9184E13ED0AD}.Debug|x64.ActiveCfg = Debug|x64
		{EF32F56D-E3CF-4D51-BCCC-9184E13ED0AD}.Debug|x64.Build.0 = Debug|x64
		{EF32F56D-E3CF-4D51-BCCC-9184E13ED0AD}.Debug|x86.ActiveCfg = Debug|Win32
		{EF32F56D-E3CF-4D51-BCCC-9184E13ED0AD}.Debug|x86.Build.0 = Debug|Win32
		{EF32F56D-E3CF-4D51-BCCC-9184E13ED0AD}.Release|x64.ActiveCfg = Release|x64
		{EF32F56D-E3CF-4D51-BCCC-9184E13ED0AD}.Release|x64.Build.0 = Release|x64
		{EF32F56D-E3CF-4D51-BCCC-9184E13ED0AD}.Release|x86.ActiveCfg = Release|Win32
		{EF32F56D-E3CF-4D51-BCCC-9184E13ED0AD}.Release|x86.Build.0 = Release|Win32
		{EF32F56D-E3CF-4D51-BCCC-9184E13ED0AD}.ReleaseSFX|x64.ActiveCfg = Release|x64
		{EF32F56D-E3CF-4D51-BCCC-9184E13ED0AD}.ReleaseSFX|x64.Build.0 = Release|x64
		{EF32F56D-E3CF-4D51-BCCC-9184E13ED0AD}.ReleaseSFX|x86.ActiveCfg = Release|Win32
		{EF32F56D-E3CF-4D51-BCCC-9184E13ED0AD}.ReleaseSFX|x86.Build.0 = Release|Win32
	EndGlobalSection
	GlobalSection(SolutionProperties) = preSolution
		HideSolutionNode = FALSE
	EndGlobalSection
EndGlobal
