Microsoft Visual Studio Solution File, Format Version 11.00
# Visual Studio 2010
Project("{8BC9CEB8-8B4A-11D0-8D11-00A0C91BC942}") = "hdiffz", "hdiffz.vcxproj", "{63934A83-25F5-4161-B19D-DFBAB1C257F1}"
EndProject
Project("{8BC9CEB8-8B4A-11D0-8D11-00A0C91BC942}") = "hpatchz", "hpatchz.vcxproj", "{F912761C-2C5B-4EB9-8666-C2320A9AF407}"
EndProject
Project("{8BC9CEB8-8B4A-11D0-8D11-00A0C91BC942}") = "unitTest", "unitTest.vcxproj", "{EF32F56D-E3CF-4D51-BCCC-9184E13ED0AD}"
EndProject
Global
	GlobalSection(SolutionConfigurationPlatforms) = preSolution
		Debug|x64 = Debug|x64
		Debug|x86 = Debug|x86
		Release|x64 = Release|x64
		Release|x86 = Release|x86
		ReleaseSFX|x64 = ReleaseSFX|x64
		ReleaseSFX|x86 = ReleaseSFX|x86
	EndGlobalSection
	GlobalSection(ProjectConfigurationPlatforms) = postSolution
		{63934A83-25F5-4161-B19D-DFBAB1C257F1}.Debug|x64.ActiveCfg = Debug|x64
		{63934A83-25F5-4161-B19D-DFBAB1C257F1}.Debug|x64.Build.0 = Debug|x64
		{63934A83-25F5-4161-B19D-DFBAB1C257F1}.Debug|x86.ActiveCfg = Debug|Win32
		{63934A83-25F5-4161-B19D-DFBAB1C257F1}.Debug|x86.Build.0 = Debug|Win32
		{63934A83-25F5-4161-B19D-DFBAB1C257F1}.Release|x64.ActiveCfg = Release|x64
		{63934A83-25F5-4161-B19D-DFBAB1C257F1}.Release|x64.Build.0 = Release|x64
		{63934A83-25F5-4161-B19D-DFBAB1C257F1}.Release|x86.ActiveCfg = Release|Win32
		{63934A83-25F5-4161-B19D-DFBAB1C257F1}.Release|x86.Build.0 = Release|Win32
		{63934A83-25F5-4161-B19D-DFBAB1C257F1}.ReleaseSFX|x64.ActiveCfg = Release|x64
		{63934A83-25F5-4161-B19D-DFBAB1C257F1}.ReleaseSFX|x86.ActiveCfg = Release|Win32
		{F912761C-2C5B-4EB9-8666-C2320A9AF407}.Debug|x64.ActiveCfg = Debug|x64
		{F912761C-2C5B-4EB9-8666-C2320A9AF407}.Debug|x64.Build.0 = Debug|x64
		{F912761C-2C5B-4EB9-8666-C2320A9AF407}.Debug|x86.ActiveCfg = Debug|Win32
		{F912761C-2C5B-4EB9-8666-C2320A9AF407}.Debug|x86.Build.0 = Debug|Win32
		{F912761C-2C5B-4EB9-8666-C2320A9AF407}.Release|x64.ActiveCfg = Release|x64
		{F912761C-2C5B-4EB9-8666-C2320A9AF407}.Release|x64.Build.0 = Release|x64
		{F912761C-2C5B-4EB9-8666-C2320A9AF407}.Release|x86.ActiveCfg = Release|Win32
		{F912761C-2C5B-4EB9-8666-C2320A9AF407}.Release|x86.Build.0 = Release|Win32
		{F912761C-2C5B-4EB9-8666-C2320A9AF407}.ReleaseSFX|x64.ActiveCfg = ReleaseSFX|x64
		{F912761C-2C5B-4EB9-8666-C2320A9AF407}.ReleaseSFX|x64.Build.0 = ReleaseSFX|x64
		{F912761C-2C5B-4EB9-8666-C2320A9AF407}.ReleaseSFX|x86.ActiveCfg = ReleaseSFX|Win32
		{F912761C-2C5B-4EB9-8666-C2320A9AF407}.ReleaseSFX|x86.Build.0 = ReleaseSFX|Win32
		{EF32F56D-E3CF-4D51-BCCC-9184E13ED0AD}.Debug|x64.ActiveCfg = Debug|x64
		{EF32F56D-E3CF-4D51-BCCC-9184E13ED0AD}.Debug|x64.Build.0 = Debug|x64
		{EF32F56D-E3CF-4D51-BCCC-9184E13ED0AD}.Debug|x86.ActiveCfg = Debug|Win32
		{EF32F56D-E3CF-4D51-BCCC-9184E13ED0AD}.Debug|x86.Build.0 = Debug|Win32
		{EF32F56D-E3CF-4D51-BCCC-9184E13ED0AD}.Release|x64.ActiveCfg = Release|x64
		{EF32F56D-E3CF-4D51-BCCC-9184E13ED0AD}.Release|x64.Build.0 = Release|x64
		{EF32F56D-E3CF-4D51-BCCC-9184E13ED0AD}.Release|x86.ActiveCfg = Release|Win32
		{EF32F56D-E3CF-4D51-BCCC-9184E13ED0AD}.Release|x86.Build.0 = Release|Win32
		{EF32F56D-E3CF-4D51-BCCC-9184E13ED0AD}.ReleaseSFX|x64.ActiveCfg = Release|x64
		{EF32F56D-E3CF-4D51-BCCC-9184E13ED0AD}.ReleaseSFX|x86.ActiveCfg = Release|Win32
		{96EB12E1-3577-4E9F-8C78-FDB403F07288}.Debug|x64.ActiveCfg = Debug|x64
		{96EB12E1-3577-4E9F-8C78-FDB403F07288}.Debug|x64.Build.0 = Debug|x64
		{96EB12E1-3577-4E9F-8C78-FDB403F07288}.Debug|x86.ActiveCfg = Debug|Win32
		{96EB12E1-3577-4E9F-8C78-FDB403F07288}.Debug|x86.Build.0 = Debug|Win32
		{96EB12E1-3577-4E9F-8C78-FDB403F07288}.Release|x64.ActiveCfg = Release|x64
		{96EB12E1-3577-4E9F-8C78-FDB403F07288}.Release|x64.Build.0 = Release|x64
		{96EB12E1-3577-4E9F-8C78-FDB403F07288}.Release|x86.ActiveCfg = Release|Win32
		{96EB12E1-3577-4E9F-8C78-FDB403F07288}.Release|x86.Build.0 = Release|Win32
		{96EB12E1-3577-4E9F-8C78-FDB403F07288}.ReleaseSFX|x64.ActiveCfg = Release|x64
		{96EB12E1-3577-4E9F-8C78-FDB403F07288}.ReleaseSFX|x86.ActiveCfg = Release|Win32
		{8141E9CE-8FBA-47F7-8768-1EC549DB5A3B}.Debug|x64.ActiveCfg = Debug|x64
		{8141E9CE-8FBA-47F7-8768-1EC549DB5A3B}.Debug|x64.Build.0 = Debug|x64
		{8141E9CE-8FBA-47F7-8768-1EC549DB5A3B}.Debug|x86.ActiveCfg = Debug|Win32
		{8141E9CE-8FBA-47F7-8768-1EC549DB5A3B}.Debug|x86.Build.0 = Debug|Win32
		{8141E9CE-8FBA-47F7-8768-1EC549DB5A3B}.Release|x64.ActiveCfg = Release|x64
		{8141E9CE-8FBA-47F7-8768-1EC549DB5A3B}.Release|x64.Build.0 = Release|x64
		{8141E9CE-8FBA-47F7-8768-1EC549DB5A3B}.Release|x86.ActiveCfg = Release|Win32
		{8141E9CE-8FBA-47F7-8768-1EC549DB5A3B}.Release|x86.Build.0 = Release|Win32
		{8141E9CE-8FBA-47F7-8768-1EC549DB5A3B}.ReleaseSFX|x64.ActiveCfg = Release|x64
		{8141E9CE-8FBA-47F7-8768-1EC549DB5A3B}.ReleaseSFX|x86.ActiveCfg = Release|Win32
		{EF87AAC9-545B-4AF6-A695-D7FC9D1670C2}.Debug|x64.ActiveCfg = Debug|x64
		{EF87AAC9-545B-4AF6-A695-D7FC9D1670C2}.Debug|x64.Build.0 = Debug|x64
		{EF87AAC9-545B-4AF6-A695-D7FC9D1670C2}.Debug|x86.ActiveCfg = Debug|Win32
		{EF87AAC9-545B-4AF6-A695-D7FC9D1670C2}.Debug|x86.Build.0 = Debug|Win32
		{EF87AAC9-545B-4AF6-A695-D7FC9D1670C2}.Release|x64.ActiveCfg = Release|x64
		{EF87AAC9-545B-4AF6-A695-D7FC9D1670C2}.Release|x64.Build.0 = Release|x64
		{EF87AAC9-545B-4AF6-A695-D7FC9D1670C2}.Release|x86.ActiveCfg = Release|Win32
		{EF87AAC9-545B-4AF6-A695-D7FC9D1670C2}.Release|x86.Build.0 = Release|Win32
		{EF87AAC9-545B-4AF6-A695-D7FC9D1670C2}.ReleaseSFX|x64.ActiveCfg = Release|x64
		{EF87AAC9-545B-4AF6-A695-D7FC9D1670C2}.ReleaseSFX|x86.ActiveCfg = Release|Win32
		{B90EFB06-38CF-6F56-6FE0-7D04E4CF0E0E}.Debug|x64.ActiveCfg = Debug|x64
		{B90EFB06-38CF-6F56-6FE0-7D04E4CF0E0E}.Debug|x64.Build.0 = Debug|x64
		{B90EFB06-38CF-6F56-6FE0-7D04E4CF0E0E}.Debug|x86.ActiveCfg = Debug|Win32
		{B90EFB06-38CF-6F56-6FE0-7D04E4CF0E0E}.Debug|x86.Build.0 = Debug|Win32
		{B90EFB06-38CF-6F56-6FE0-7D04E4CF0E0E}.Release|x64.ActiveCfg = Release|x64
		{B90EFB06-38CF-6F56-6FE0-7D04E4CF0E0E}.Release|x64.Build.0 = Release|x64
		{B90EFB06-38CF-6F56-6FE0-7D04E4CF0E0E}.Release|x86.ActiveCfg = Release|Win32
		{B90EFB06-38CF-6F56-6FE0-7D04E4CF0E0E}.Release|x86.Build.0 = Release|Win32
		{B90EFB06-38CF-6F56-6FE0-7D04E4CF0E0E}.ReleaseSFX|x64.ActiveCfg = Release|x64
		{B90EFB06-38CF-6F56-6FE0-7D04E4CF0E0E}.ReleaseSFX|x86.ActiveCfg = Release|Win32
		{C42DF744-5AF5-3049-5D78-C073D5A745C2}.Debug|x64.ActiveCfg = Debug|x64
		{C42DF744-5AF5-3049-5D78-C073D5A745C2}.Debug|x64.Build.0 = Debug|x64
		{C42DF744-5AF5-3049-5D78-C073D5A745C2}.Debug|x86.ActiveCfg = Debug|Win32
		{C42DF744-5AF5-3049-5D78-C073D5A745C2}.Debug|x86.Build.0 = Debug|Win32
		{C42DF744-5AF5-3049-5D78-C073D5A745C2}.Release|x64.ActiveCfg = Release|x64
		{C42DF744-5AF5-3049-5D78-C073D5A745C2}.Release|x64.Build.0 = Release|x64
		{C42DF744-5AF5-3049-5D78-C073D5A745C2}.Release|x86.ActiveCfg = Release|Win32
		{C42DF744-5AF5-3049-5D78-C073D5A745C2}.Release|x86.Build.0 = Release|Win32
		{C42DF744-5AF5-3049-5D78-C073D5A745C2}.ReleaseSFX|x64.ActiveCfg = Release|x64
		{C42DF744-5AF5-3049-5D78-C073D5A745C2}.ReleaseSFX|x86.ActiveCfg = Release|Win32
	EndGlobalSection
	GlobalSection(SolutionProperties) = preSolution
		HideSolutionNode = FALSE
	EndGlobalSection
EndGlobal
