
Microsoft Visual Studio Solution File, Format Version 11.00
# Visual Studio 2010
Project("{8BC9CEB8-8B4A-11D0-8D11-00A0C91BC942}") = "HDiff", "HDiff.vcxproj", "{3890337C-5558-4A06-BF9A-6A148895DB82}"
EndProject
Project("{8BC9CEB8-8B4A-11D0-8D11-00A0C91BC942}") = "HPatch", "HPatch.vcxproj", "{B7BA5C32-5DC9-431D-BFD7-35ED679CD797}"
EndProject
Project("{8BC9CEB8-8B4A-11D0-8D11-00A0C91BC942}") = "unitTest", "unitTest.vcxproj", "{EF32F56D-E3CF-4D51-BCCC-9184E13ED0AD}"
EndProject
Project("{8BC9CEB8-8B4A-11D0-8D11-00A0C91BC942}") = "HDiffZ", "HDiffZ.vcxproj", "{63934A83-25F5-4161-B19D-DFBAB1C257F1}"
EndProject
Project("{8BC9CEB8-8B4A-11D0-8D11-00A0C91BC942}") = "HPatchZ", "HPatchZ.vcxproj", "{F912761C-2C5B-4EB9-8666-C2320A9AF407}"
EndProject
Global
	GlobalSection(SolutionConfigurationPlatforms) = preSolution
		Debug|Win32 = Debug|Win32
		Debug|x64 = Debug|x64
		Release|Win32 = Release|Win32
		Release|x64 = Release|x64
	EndGlobalSection
	GlobalSection(ProjectConfigurationPlatforms) = postSolution
		{3890337C-5558-4A06-BF9A-6A148895DB82}.Debug|Win32.ActiveCfg = Debug|Win32
		{3890337C-5558-4A06-BF9A-6A148895DB82}.Debug|Win32.Build.0 = Debug|Win32
		{3890337C-5558-4A06-BF9A-6A148895DB82}.Debug|x64.ActiveCfg = Debug|x64
		{3890337C-5558-4A06-BF9A-6A148895DB82}.Debug|x64.Build.0 = Debug|x64
		{3890337C-5558-4A06-BF9A-6A148895DB82}.Release|Win32.ActiveCfg = Release|Win32
		{3890337C-5558-4A06-BF9A-6A148895DB82}.Release|Win32.Build.0 = Release|Win32
		{3890337C-5558-4A06-BF9A-6A148895DB82}.Release|x64.ActiveCfg = Release|x64
		{3890337C-5558-4A06-BF9A-6A148895DB82}.Release|x64.Build.0 = Release|x64
		{B7BA5C32-5DC9-431D-BFD7-35ED679CD797}.Debug|Win32.ActiveCfg = Debug|Win32
		{B7BA5C32-5DC9-431D-BFD7-35ED679CD797}.Debug|Win32.Build.0 = Debug|Win32
		{B7BA5C32-5DC9-431D-BFD7-35ED679CD797}.Debug|x64.ActiveCfg = Debug|x64
		{B7BA5C32-5DC9-431D-BFD7-35ED679CD797}.Debug|x64.Build.0 = Debug|x64
		{B7BA5C32-5DC9-431D-BFD7-35ED679CD797}.Release|Win32.ActiveCfg = Release|Win32
		{B7BA5C32-5DC9-431D-BFD7-35ED679CD797}.Release|Win32.Build.0 = Release|Win32
		{B7BA5C32-5DC9-431D-BFD7-35ED679CD797}.Release|x64.ActiveCfg = Release|x64
		{B7BA5C32-5DC9-431D-BFD7-35ED679CD797}.Release|x64.Build.0 = Release|x64
		{EF32F56D-E3CF-4D51-BCCC-9184E13ED0AD}.Debug|Win32.ActiveCfg = Debug|Win32
		{EF32F56D-E3CF-4D51-BCCC-9184E13ED0AD}.Debug|Win32.Build.0 = Debug|Win32
		{EF32F56D-E3CF-4D51-BCCC-9184E13ED0AD}.Debug|x64.ActiveCfg = Debug|x64
		{EF32F56D-E3CF-4D51-BCCC-9184E13ED0AD}.Debug|x64.Build.0 = Debug|x64
		{EF32F56D-E3CF-4D51-BCCC-9184E13ED0AD}.Release|Win32.ActiveCfg = Release|Win32
		{EF32F56D-E3CF-4D51-BCCC-9184E13ED0AD}.Release|Win32.Build.0 = Release|Win32
		{EF32F56D-E3CF-4D51-BCCC-9184E13ED0AD}.Release|x64.ActiveCfg = Release|x64
		{EF32F56D-E3CF-4D51-BCCC-9184E13ED0AD}.Release|x64.Build.0 = Release|x64
		{63934A83-25F5-4161-B19D-DFBAB1C257F1}.Debug|Win32.ActiveCfg = Debug|Win32
		{63934A83-25F5-4161-B19D-DFBAB1C257F1}.Debug|Win32.Build.0 = Debug|Win32
		{63934A83-25F5-4161-B19D-DFBAB1C257F1}.Debug|x64.ActiveCfg = Debug|x64
		{63934A83-25F5-4161-B19D-DFBAB1C257F1}.Debug|x64.Build.0 = Debug|x64
		{63934A83-25F5-4161-B19D-DFBAB1C257F1}.Release|Win32.ActiveCfg = Release|Win32
		{63934A83-25F5-4161-B19D-DFBAB1C257F1}.Release|Win32.Build.0 = Release|Win32
		{63934A83-25F5-4161-B19D-DFBAB1C257F1}.Release|x64.ActiveCfg = Release|x64
		{63934A83-25F5-4161-B19D-DFBAB1C257F1}.Release|x64.Build.0 = Release|x64
		{F912761C-2C5B-4EB9-8666-C2320A9AF407}.Debug|Win32.ActiveCfg = Debug|Win32
		{F912761C-2C5B-4EB9-8666-C2320A9AF407}.Debug|Win32.Build.0 = Debug|Win32
		{F912761C-2C5B-4EB9-8666-C2320A9AF407}.Debug|x64.ActiveCfg = Debug|x64
		{F912761C-2C5B-4EB9-8666-C2320A9AF407}.Debug|x64.Build.0 = Debug|x64
		{F912761C-2C5B-4EB9-8666-C2320A9AF407}.Release|Win32.ActiveCfg = Release|Win32
		{F912761C-2C5B-4EB9-8666-C2320A9AF407}.Release|Win32.Build.0 = Release|Win32
		{F912761C-2C5B-4EB9-8666-C2320A9AF407}.Release|x64.ActiveCfg = Release|x64
		{F912761C-2C5B-4EB9-8666-C2320A9AF407}.Release|x64.Build.0 = Release|x64
	EndGlobalSection
	GlobalSection(SolutionProperties) = preSolution
		HideSolutionNode = FALSE
	EndGlobalSection
EndGlobal
