// !$*UTF8*$!
{
	archiveVersion = 1;
	classes = {
	};
	objectVersion = 50;
	objects = {

/* Begin PBXBuildFile section */
		D6B2409021E3298C00993A81 /* testHashClash.cpp in Sources */ = {isa = PBXBuildFile; fileRef = D6B2408F21E3298C00993A81 /* testHashClash.cpp */; };
		D6B2409521E33C2B00993A81 /* adler_roll.c in Sources */ = {isa = PBXBuildFile; fileRef = D6B2409421E33C2B00993A81 /* adler_roll.c */; };
		D6B240AA21E4DB9C00993A81 /* libz.tbd in Frameworks */ = {isa = PBXBuildFile; fileRef = D6B2409221E3356200993A81 /* libz.tbd */; };
		D6BF3A6921EEC24E00833537 /* md5.c in Sources */ = {isa = PBXBuildFile; fileRef = D6BF3A6821EEC24E00833537 /* md5.c */; };
/* End PBXBuildFile section */

/* Begin PBXCopyFilesBuildPhase section */
		D6B2408321E3291300993A81 /* CopyFiles */ = {
			isa = PBXCopyFilesBuildPhase;
			buildActionMask = 2147483647;
			dstPath = /usr/share/man/man1/;
			dstSubfolderSpec = 0;
			files = (
			);
			runOnlyForDeploymentPostprocessing = 1;
		};
/* End PBXCopyFilesBuildPhase section */

/* Begin PBXFileReference section */
		D6B2408521E3291300993A81 /* testHashClash */ = {isa = PBXFileReference; explicitFileType = "compiled.mach-o.executable"; includeInIndex = 0; path = testHashClash; sourceTree = BUILT_PRODUCTS_DIR; };
		D6B2408F21E3298C00993A81 /* testHashClash.cpp */ = {isa = PBXFileReference; fileEncoding = 4; lastKnownFileType = sourcecode.cpp.cpp; name = testHashClash.cpp; path = ../../test/testHashClash.cpp; sourceTree = "<group>"; };
		D6B2409221E3356200993A81 /* libz.tbd */ = {isa = PBXFileReference; lastKnownFileType = "sourcecode.text-based-dylib-definition"; name = libz.tbd; path = usr/lib/libz.tbd; sourceTree = SDKROOT; };
		D6B2409421E33C2B00993A81 /* adler_roll.c */ = {isa = PBXFileReference; fileEncoding = 4; lastKnownFileType = sourcecode.c.c; name = adler_roll.c; path = ../../libHDiffPatch/HDiff/private_diff/limit_mem_diff/adler_roll.c; sourceTree = "<group>"; };
		D6B240A921E467F600993A81 /* adler_roll.h */ = {isa = PBXFileReference; fileEncoding = 4; lastKnownFileType = sourcecode.c.h; name = adler_roll.h; path = ../../libHDiffPatch/HDiff/private_diff/limit_mem_diff/adler_roll.h; sourceTree = "<group>"; };
		D6BF3A6721EEC24E00833537 /* md5.h */ = {isa = PBXFileReference; fileEncoding = 4; lastKnownFileType = sourcecode.c.h; path = md5.h; sourceTree = "<group>"; };
		D6BF3A6821EEC24E00833537 /* md5.c */ = {isa = PBXFileReference; fileEncoding = 4; lastKnownFileType = sourcecode.c.c; path = md5.c; sourceTree = "<group>"; };
/* End PBXFileReference section */

/* Begin PBXFrameworksBuildPhase section */
		D6B2408221E3291300993A81 /* Frameworks */ = {
			isa = PBXFrameworksBuildPhase;
			buildActionMask = 2147483647;
			files = (
				D6B240AA21E4DB9C00993A81 /* libz.tbd in Frameworks */,
			);
			runOnlyForDeploymentPostprocessing = 0;
		};
/* End PBXFrameworksBuildPhase section */

/* Begin PBXGroup section */
		D6B2407C21E3291300993A81 = {
			isa = PBXGroup;
			children = (
				D6BF3A6621EEC24E00833537 /* libmd5 */,
				D6B2409421E33C2B00993A81 /* adler_roll.c */,
				D6B240A921E467F600993A81 /* adler_roll.h */,
				D6B2408F21E3298C00993A81 /* testHashClash.cpp */,
				D6B2408621E3291300993A81 /* Products */,
				D6B2409121E3356200993A81 /* Frameworks */,
			);
			sourceTree = "<group>";
		};
		D6B2408621E3291300993A81 /* Products */ = {
			isa = PBXGroup;
			children = (
				D6B2408521E3291300993A81 /* testHashClash */,
			);
			name = Products;
			sourceTree = "<group>";
		};
		D6B2409121E3356200993A81 /* Frameworks */ = {
			isa = PBXGroup;
			children = (
				D6B2409221E3356200993A81 /* libz.tbd */,
			);
			name = Frameworks;
			sourceTree = "<group>";
		};
		D6BF3A6621EEC24E00833537 /* libmd5 */ = {
			isa = PBXGroup;
			children = (
				D6BF3A6721EEC24E00833537 /* md5.h */,
				D6BF3A6821EEC24E00833537 /* md5.c */,
			);
			name = libmd5;
			path = ../../../libmd5;
			sourceTree = "<group>";
		};
/* End PBXGroup section */

/* Begin PBXNativeTarget section */
		D6B2408421E3291300993A81 /* testHashClash */ = {
			isa = PBXNativeTarget;
			buildConfigurationList = D6B2408C21E3291300993A81 /* Build configuration list for PBXNativeTarget "testHashClash" */;
			buildPhases = (
				D6B2408121E3291300993A81 /* Sources */,
				D6B2408221E3291300993A81 /* Frameworks */,
				D6B2408321E3291300993A81 /* CopyFiles */,
			);
			buildRules = (
			);
			dependencies = (
			);
			name = testHashClash;
			productName = testHashConflict;
			productReference = D6B2408521E3291300993A81 /* testHashClash */;
			productType = "com.apple.product-type.tool";
		};
/* End PBXNativeTarget section */

/* Begin PBXProject section */
		D6B2407D21E3291300993A81 /* Project object */ = {
			isa = PBXProject;
			attributes = {
				LastUpgradeCheck = 1010;
				ORGANIZATIONNAME = housisong;
				TargetAttributes = {
					D6B2408421E3291300993A81 = {
						CreatedOnToolsVersion = 10.1;
					};
				};
			};
			buildConfigurationList = D6B2408021E3291300993A81 /* Build configuration list for PBXProject "testHashClash" */;
			compatibilityVersion = "Xcode 9.3";
			developmentRegion = en;
			hasScannedForEncodings = 0;
			knownRegions = (
				en,
			);
			mainGroup = D6B2407C21E3291300993A81;
			productRefGroup = D6B2408621E3291300993A81 /* Products */;
			projectDirPath = "";
			projectRoot = "";
			targets = (
				D6B2408421E3291300993A81 /* testHashClash */,
			);
		};
/* End PBXProject section */

/* Begin PBXSourcesBuildPhase section */
		D6B2408121E3291300993A81 /* Sources */ = {
			isa = PBXSourcesBuildPhase;
			buildActionMask = 2147483647;
			files = (
				D6BF3A6921EEC24E00833537 /* md5.c in Sources */,
				D6B2409021E3298C00993A81 /* testHashClash.cpp in Sources */,
				D6B2409521E33C2B00993A81 /* adler_roll.c in Sources */,
			);
			runOnlyForDeploymentPostprocessing = 0;
		};
/* End PBXSourcesBuildPhase section */

/* Begin XCBuildConfiguration section */
		D6B2408A21E3291300993A81 /* Debug */ = {
			isa = XCBuildConfiguration;
			buildSettings = {
				ALWAYS_SEARCH_USER_PATHS = NO;
				CLANG_ANALYZER_NONNULL = YES;
				CLANG_ANALYZER_NUMBER_OBJECT_CONVERSION = YES_AGGRESSIVE;
				CLANG_CXX_LANGUAGE_STANDARD = "gnu++14";
				CLANG_CXX_LIBRARY = "libc++";
				CLANG_ENABLE_MODULES = YES;
				CLANG_ENABLE_OBJC_ARC = YES;
				CLANG_ENABLE_OBJC_WEAK = YES;
				CLANG_WARN_BLOCK_CAPTURE_AUTORELEASING = YES;
				CLANG_WARN_BOOL_CONVERSION = YES;
				CLANG_WARN_COMMA = YES;
				CLANG_WARN_CONSTANT_CONVERSION = YES;
				CLANG_WARN_DEPRECATED_OBJC_IMPLEMENTATIONS = YES;
				CLANG_WARN_DIRECT_OBJC_ISA_USAGE = YES_ERROR;
				CLANG_WARN_DOCUMENTATION_COMMENTS = YES;
				CLANG_WARN_EMPTY_BODY = YES;
				CLANG_WARN_ENUM_CONVERSION = YES;
				CLANG_WARN_INFINITE_RECURSION = YES;
				CLANG_WARN_INT_CONVERSION = YES;
				CLANG_WARN_NON_LITERAL_NULL_CONVERSION = YES;
				CLANG_WARN_OBJC_IMPLICIT_RETAIN_SELF = YES;
				CLANG_WARN_OBJC_LITERAL_CONVERSION = YES;
				CLANG_WARN_OBJC_ROOT_CLASS = YES_ERROR;
				CLANG_WARN_RANGE_LOOP_ANALYSIS = YES;
				CLANG_WARN_STRICT_PROTOTYPES = YES;
				CLANG_WARN_SUSPICIOUS_MOVE = YES;
				CLANG_WARN_UNGUARDED_AVAILABILITY = YES_AGGRESSIVE;
				CLANG_WARN_UNREACHABLE_CODE = YES;
				CLANG_WARN__DUPLICATE_METHOD_MATCH = YES;
				CODE_SIGN_IDENTITY = "-";
				COPY_PHASE_STRIP = NO;
				DEBUG_INFORMATION_FORMAT = dwarf;
				ENABLE_STRICT_OBJC_MSGSEND = YES;
				ENABLE_TESTABILITY = YES;
				GCC_C_LANGUAGE_STANDARD = gnu11;
				GCC_DYNAMIC_NO_PIC = NO;
				GCC_NO_COMMON_BLOCKS = YES;
				GCC_OPTIMIZATION_LEVEL = 0;
				GCC_PREPROCESSOR_DEFINITIONS = (
					"DEBUG=1",
					"$(inherited)",
				);
				GCC_WARN_64_TO_32_BIT_CONVERSION = YES;
				GCC_WARN_ABOUT_RETURN_TYPE = YES_ERROR;
				GCC_WARN_UNDECLARED_SELECTOR = YES;
				GCC_WARN_UNINITIALIZED_AUTOS = YES_AGGRESSIVE;
				GCC_WARN_UNUSED_FUNCTION = YES;
				GCC_WARN_UNUSED_VARIABLE = YES;
				MACOSX_DEPLOYMENT_TARGET = 10.14;
				MTL_ENABLE_DEBUG_INFO = INCLUDE_SOURCE;
				MTL_FAST_MATH = YES;
				ONLY_ACTIVE_ARCH = YES;
				SDKROOT = macosx;
			};
			name = Debug;
		};
		D6B2408B21E3291300993A81 /* Release */ = {
			isa = XCBuildConfiguration;
			buildSettings = {
				ALWAYS_SEARCH_USER_PATHS = NO;
				CLANG_ANALYZER_NONNULL = YES;
				CLANG_ANALYZER_NUMBER_OBJECT_CONVERSION = YES_AGGRESSIVE;
				CLANG_CXX_LANGUAGE_STANDARD = "gnu++14";
				CLANG_CXX_LIBRARY = "libc++";
				CLANG_ENABLE_MODULES = YES;
				CLANG_ENABLE_OBJC_ARC = YES;
				CLANG_ENABLE_OBJC_WEAK = YES;
				CLANG_WARN_BLOCK_CAPTURE_AUTORELEASING = YES;
				CLANG_WARN_BOOL_CONVERSION = YES;
				CLANG_WARN_COMMA = YES;
				CLANG_WARN_CONSTANT_CONVERSION = YES;
				CLANG_WARN_DEPRECATED_OBJC_IMPLEMENTATIONS = YES;
				CLANG_WARN_DIRECT_OBJC_ISA_USAGE = YES_ERROR;
				CLANG_WARN_DOCUMENTATION_COMMENTS = YES;
				CLANG_WARN_EMPTY_BODY = YES;
				CLANG_WARN_ENUM_CONVERSION = YES;
				CLANG_WARN_INFINITE_RECURSION = YES;
				CLANG_WARN_INT_CONVERSION = YES;
				CLANG_WARN_NON_LITERAL_NULL_CONVERSION = YES;
				CLANG_WARN_OBJC_IMPLICIT_RETAIN_SELF = YES;
				CLANG_WARN_OBJC_LITERAL_CONVERSION = YES;
				CLANG_WARN_OBJC_ROOT_CLASS = YES_ERROR;
				CLANG_WARN_RANGE_LOOP_ANALYSIS = YES;
				CLANG_WARN_STRICT_PROTOTYPES = YES;
				CLANG_WARN_SUSPICIOUS_MOVE = YES;
				CLANG_WARN_UNGUARDED_AVAILABILITY = YES_AGGRESSIVE;
				CLANG_WARN_UNREACHABLE_CODE = YES;
				CLANG_WARN__DUPLICATE_METHOD_MATCH = YES;
				CODE_SIGN_IDENTITY = "-";
				COPY_PHASE_STRIP = NO;
				DEBUG_INFORMATION_FORMAT = "dwarf-with-dsym";
				ENABLE_NS_ASSERTIONS = NO;
				ENABLE_STRICT_OBJC_MSGSEND = YES;
				GCC_C_LANGUAGE_STANDARD = gnu11;
				GCC_NO_COMMON_BLOCKS = YES;
				GCC_WARN_64_TO_32_BIT_CONVERSION = YES;
				GCC_WARN_ABOUT_RETURN_TYPE = YES_ERROR;
				GCC_WARN_UNDECLARED_SELECTOR = YES;
				GCC_WARN_UNINITIALIZED_AUTOS = YES_AGGRESSIVE;
				GCC_WARN_UNUSED_FUNCTION = YES;
				GCC_WARN_UNUSED_VARIABLE = YES;
				MACOSX_DEPLOYMENT_TARGET = 10.14;
				MTL_ENABLE_DEBUG_INFO = NO;
				MTL_FAST_MATH = YES;
				SDKROOT = macosx;
			};
			name = Release;
		};
		D6B2408D21E3291300993A81 /* Debug */ = {
			isa = XCBuildConfiguration;
			buildSettings = {
				CODE_SIGN_STYLE = Automatic;
				PRODUCT_NAME = "$(TARGET_NAME)";
			};
			name = Debug;
		};
		D6B2408E21E3291300993A81 /* Release */ = {
			isa = XCBuildConfiguration;
			buildSettings = {
				CODE_SIGN_STYLE = Automatic;
				PRODUCT_NAME = "$(TARGET_NAME)";
			};
			name = Release;
		};
/* End XCBuildConfiguration section */

/* Begin XCConfigurationList section */
		D6B2408021E3291300993A81 /* Build configuration list for PBXProject "testHashClash" */ = {
			isa = XCConfigurationList;
			buildConfigurations = (
				D6B2408A21E3291300993A81 /* Debug */,
				D6B2408B21E3291300993A81 /* Release */,
			);
			defaultConfigurationIsVisible = 0;
			defaultConfigurationName = Release;
		};
		D6B2408C21E3291300993A81 /* Build configuration list for PBXNativeTarget "testHashClash" */ = {
			isa = XCConfigurationList;
			buildConfigurations = (
				D6B2408D21E3291300993A81 /* Debug */,
				D6B2408E21E3291300993A81 /* Release */,
			);
			defaultConfigurationIsVisible = 0;
			defaultConfigurationName = Release;
		};
/* End XCConfigurationList section */
	};
	rootObject = D6B2407D21E3291300993A81 /* Project object */;
}
