// !$*UTF8*$!
{
	archiveVersion = 1;
	classes = {
	};
	objectVersion = 46;
	objects = {

/* Begin PBXBuildFile section */
		80D1B2A4199A40A700F6B3A8 /* diff.cpp in Sources */ = {isa = PBXBuildFile; fileRef = 80D1B298199A40A700F6B3A8 /* diff.cpp */; };
		80D1B2A5199A40A700F6B3A8 /* bytes_rle.cpp in Sources */ = {isa = PBXBuildFile; fileRef = 80D1B29B199A40A700F6B3A8 /* bytes_rle.cpp */; };
		80D1B2A6199A40A700F6B3A8 /* suffix_string.cpp in Sources */ = {isa = PBXBuildFile; fileRef = 80D1B29F199A40A700F6B3A8 /* suffix_string.cpp */; };
		80D1B2A7199A40A700F6B3A8 /* patch.c in Sources */ = {isa = PBXBuildFile; fileRef = 80D1B2A2199A40A700F6B3A8 /* patch.c */; };
		D62919A11E17D999007D44E2 /* divsufsort.c in Sources */ = {isa = PBXBuildFile; fileRef = D62919981E17D999007D44E2 /* divsufsort.c */; };
		D62919A21E17D999007D44E2 /* divsufsort64.c in Sources */ = {isa = PBXBuildFile; fileRef = D629199B1E17D999007D44E2 /* divsufsort64.c */; };
		D6BD9BC41757854C004886DE /* diff_demo.cpp in Sources */ = {isa = PBXBuildFile; fileRef = D6BD9BB41757854C004886DE /* diff_demo.cpp */; };
/* End PBXBuildFile section */

/* Begin PBXCopyFilesBuildPhase section */
		D6CB335F1664FD2900AB34B7 /* CopyFiles */ = {
			isa = PBXCopyFilesBuildPhase;
			buildActionMask = 2147483647;
			dstPath = /usr/share/man/man1/;
			dstSubfolderSpec = 0;
			files = (
			);
			runOnlyForDeploymentPostprocessing = 1;
		};
/* End PBXCopyFilesBuildPhase section */

/* Begin PBXFileReference section */
		80D1B298199A40A700F6B3A8 /* diff.cpp */ = {isa = PBXFileReference; fileEncoding = 4; lastKnownFileType = sourcecode.cpp.cpp; path = diff.cpp; sourceTree = "<group>"; };
		80D1B299199A40A700F6B3A8 /* diff.h */ = {isa = PBXFileReference; fileEncoding = 4; lastKnownFileType = sourcecode.c.h; path = diff.h; sourceTree = "<group>"; };
		80D1B29B199A40A700F6B3A8 /* bytes_rle.cpp */ = {isa = PBXFileReference; fileEncoding = 4; lastKnownFileType = sourcecode.cpp.cpp; path = bytes_rle.cpp; sourceTree = "<group>"; };
		80D1B29C199A40A700F6B3A8 /* bytes_rle.h */ = {isa = PBXFileReference; fileEncoding = 4; lastKnownFileType = sourcecode.c.h; path = bytes_rle.h; sourceTree = "<group>"; };
		80D1B29D199A40A700F6B3A8 /* pack_uint.h */ = {isa = PBXFileReference; fileEncoding = 4; lastKnownFileType = sourcecode.c.h; path = pack_uint.h; sourceTree = "<group>"; };
		80D1B29E199A40A700F6B3A8 /* sais.hxx */ = {isa = PBXFileReference; fileEncoding = 4; lastKnownFileType = sourcecode.cpp.h; path = sais.hxx; sourceTree = "<group>"; };
		80D1B29F199A40A700F6B3A8 /* suffix_string.cpp */ = {isa = PBXFileReference; fileEncoding = 4; lastKnownFileType = sourcecode.cpp.cpp; path = suffix_string.cpp; sourceTree = "<group>"; };
		80D1B2A0199A40A700F6B3A8 /* suffix_string.h */ = {isa = PBXFileReference; fileEncoding = 4; lastKnownFileType = sourcecode.c.h; path = suffix_string.h; sourceTree = "<group>"; };
		80D1B2A2199A40A700F6B3A8 /* patch.c */ = {isa = PBXFileReference; fileEncoding = 4; lastKnownFileType = sourcecode.c.c; path = patch.c; sourceTree = "<group>"; };
		80D1B2A3199A40A700F6B3A8 /* patch.h */ = {isa = PBXFileReference; fileEncoding = 4; lastKnownFileType = sourcecode.c.h; path = patch.h; sourceTree = "<group>"; };
		D62919971E17D999007D44E2 /* config.h */ = {isa = PBXFileReference; fileEncoding = 4; lastKnownFileType = sourcecode.c.h; path = config.h; sourceTree = "<group>"; };
		D62919981E17D999007D44E2 /* divsufsort.c */ = {isa = PBXFileReference; fileEncoding = 4; lastKnownFileType = sourcecode.c.c; path = divsufsort.c; sourceTree = "<group>"; };
		D62919991E17D999007D44E2 /* divsufsort.c.inc.h */ = {isa = PBXFileReference; fileEncoding = 4; lastKnownFileType = sourcecode.c.h; path = divsufsort.c.inc.h; sourceTree = "<group>"; };
		D629199A1E17D999007D44E2 /* divsufsort.h */ = {isa = PBXFileReference; fileEncoding = 4; lastKnownFileType = sourcecode.c.h; path = divsufsort.h; sourceTree = "<group>"; };
		D629199B1E17D999007D44E2 /* divsufsort64.c */ = {isa = PBXFileReference; fileEncoding = 4; lastKnownFileType = sourcecode.c.c; path = divsufsort64.c; sourceTree = "<group>"; };
		D629199C1E17D999007D44E2 /* divsufsort64.h */ = {isa = PBXFileReference; fileEncoding = 4; lastKnownFileType = sourcecode.c.h; path = divsufsort64.h; sourceTree = "<group>"; };
		D629199D1E17D999007D44E2 /* divsufsort_private.h */ = {isa = PBXFileReference; fileEncoding = 4; lastKnownFileType = sourcecode.c.h; path = divsufsort_private.h; sourceTree = "<group>"; };
		D629199E1E17D999007D44E2 /* sssort.c.inc.h */ = {isa = PBXFileReference; fileEncoding = 4; lastKnownFileType = sourcecode.c.h; path = sssort.c.inc.h; sourceTree = "<group>"; };
		D629199F1E17D999007D44E2 /* trsort.c.inc.h */ = {isa = PBXFileReference; fileEncoding = 4; lastKnownFileType = sourcecode.c.h; path = trsort.c.inc.h; sourceTree = "<group>"; };
		D62919A01E17D999007D44E2 /* utils.c.inc.h */ = {isa = PBXFileReference; fileEncoding = 4; lastKnownFileType = sourcecode.c.h; path = utils.c.inc.h; sourceTree = "<group>"; };
		D6BD9BB41757854C004886DE /* diff_demo.cpp */ = {isa = PBXFileReference; fileEncoding = 4; lastKnownFileType = sourcecode.cpp.cpp; name = diff_demo.cpp; path = ../../diff_demo.cpp; sourceTree = "<group>"; };
		D6CB33611664FD2900AB34B7 /* HDiff */ = {isa = PBXFileReference; explicitFileType = "compiled.mach-o.executable"; includeInIndex = 0; path = HDiff; sourceTree = BUILT_PRODUCTS_DIR; };
/* End PBXFileReference section */

/* Begin PBXFrameworksBuildPhase section */
		D6CB335E1664FD2900AB34B7 /* Frameworks */ = {
			isa = PBXFrameworksBuildPhase;
			buildActionMask = 2147483647;
			files = (
			);
			runOnlyForDeploymentPostprocessing = 0;
		};
/* End PBXFrameworksBuildPhase section */

/* Begin PBXGroup section */
		80D1B296199A40A700F6B3A8 /* libHDiffPatch */ = {
			isa = PBXGroup;
			children = (
				80D1B297199A40A700F6B3A8 /* HDiff */,
				80D1B2A1199A40A700F6B3A8 /* HPatch */,
			);
			name = libHDiffPatch;
			path = ../../libHDiffPatch;
			sourceTree = "<group>";
		};
		80D1B297199A40A700F6B3A8 /* HDiff */ = {
			isa = PBXGroup;
			children = (
				80D1B298199A40A700F6B3A8 /* diff.cpp */,
				80D1B299199A40A700F6B3A8 /* diff.h */,
				80D1B29A199A40A700F6B3A8 /* private_diff */,
			);
			path = HDiff;
			sourceTree = "<group>";
		};
		80D1B29A199A40A700F6B3A8 /* private_diff */ = {
			isa = PBXGroup;
			children = (
				D62919961E17D999007D44E2 /* libdivsufsort */,
				80D1B29B199A40A700F6B3A8 /* bytes_rle.cpp */,
				80D1B29C199A40A700F6B3A8 /* bytes_rle.h */,
				80D1B29D199A40A700F6B3A8 /* pack_uint.h */,
				80D1B29E199A40A700F6B3A8 /* sais.hxx */,
				80D1B29F199A40A700F6B3A8 /* suffix_string.cpp */,
				80D1B2A0199A40A700F6B3A8 /* suffix_string.h */,
			);
			path = private_diff;
			sourceTree = "<group>";
		};
		80D1B2A1199A40A700F6B3A8 /* HPatch */ = {
			isa = PBXGroup;
			children = (
				80D1B2A2199A40A700F6B3A8 /* patch.c */,
				80D1B2A3199A40A700F6B3A8 /* patch.h */,
			);
			path = HPatch;
			sourceTree = "<group>";
		};
		D62919961E17D999007D44E2 /* libdivsufsort */ = {
			isa = PBXGroup;
			children = (
				D62919981E17D999007D44E2 /* divsufsort.c */,
				D629199A1E17D999007D44E2 /* divsufsort.h */,
				D629199B1E17D999007D44E2 /* divsufsort64.c */,
				D629199C1E17D999007D44E2 /* divsufsort64.h */,
				D62919971E17D999007D44E2 /* config.h */,
				D629199D1E17D999007D44E2 /* divsufsort_private.h */,
				D62919991E17D999007D44E2 /* divsufsort.c.inc.h */,
				D629199E1E17D999007D44E2 /* sssort.c.inc.h */,
				D629199F1E17D999007D44E2 /* trsort.c.inc.h */,
				D62919A01E17D999007D44E2 /* utils.c.inc.h */,
			);
			path = libdivsufsort;
			sourceTree = "<group>";
		};
		D6CB33581664FD2900AB34B7 = {
			isa = PBXGroup;
			children = (
				80D1B296199A40A700F6B3A8 /* libHDiffPatch */,
				D6BD9BB41757854C004886DE /* diff_demo.cpp */,
				D6CB33621664FD2900AB34B7 /* Products */,
			);
			sourceTree = "<group>";
		};
		D6CB33621664FD2900AB34B7 /* Products */ = {
			isa = PBXGroup;
			children = (
				D6CB33611664FD2900AB34B7 /* HDiff */,
			);
			name = Products;
			sourceTree = "<group>";
		};
/* End PBXGroup section */

/* Begin PBXNativeTarget section */
		D6CB33601664FD2900AB34B7 /* HDiff */ = {
			isa = PBXNativeTarget;
			buildConfigurationList = D6CB336A1664FD2900AB34B7 /* Build configuration list for PBXNativeTarget "HDiff" */;
			buildPhases = (
				D6CB335D1664FD2900AB34B7 /* Sources */,
				D6CB335E1664FD2900AB34B7 /* Frameworks */,
				D6CB335F1664FD2900AB34B7 /* CopyFiles */,
			);
			buildRules = (
			);
			dependencies = (
			);
			name = HDiff;
			productName = HDiff;
			productReference = D6CB33611664FD2900AB34B7 /* HDiff */;
			productType = "com.apple.product-type.tool";
		};
/* End PBXNativeTarget section */

/* Begin PBXProject section */
		D6CB33591664FD2900AB34B7 /* Project object */ = {
			isa = PBXProject;
			attributes = {
				LastUpgradeCheck = 0830;
				ORGANIZATIONNAME = HouSisong;
			};
			buildConfigurationList = D6CB335C1664FD2900AB34B7 /* Build configuration list for PBXProject "HDiff" */;
			compatibilityVersion = "Xcode 3.2";
			developmentRegion = English;
			hasScannedForEncodings = 0;
			knownRegions = (
				en,
			);
			mainGroup = D6CB33581664FD2900AB34B7;
			productRefGroup = D6CB33621664FD2900AB34B7 /* Products */;
			projectDirPath = "";
			projectRoot = "";
			targets = (
				D6CB33601664FD2900AB34B7 /* HDiff */,
			);
		};
/* End PBXProject section */

/* Begin PBXSourcesBuildPhase section */
		D6CB335D1664FD2900AB34B7 /* Sources */ = {
			isa = PBXSourcesBuildPhase;
			buildActionMask = 2147483647;
			files = (
				80D1B2A5199A40A700F6B3A8 /* bytes_rle.cpp in Sources */,
				80D1B2A6199A40A700F6B3A8 /* suffix_string.cpp in Sources */,
				80D1B2A4199A40A700F6B3A8 /* diff.cpp in Sources */,
				80D1B2A7199A40A700F6B3A8 /* patch.c in Sources */,
				D62919A21E17D999007D44E2 /* divsufsort64.c in Sources */,
				D62919A11E17D999007D44E2 /* divsufsort.c in Sources */,
				D6BD9BC41757854C004886DE /* diff_demo.cpp in Sources */,
			);
			runOnlyForDeploymentPostprocessing = 0;
		};
/* End PBXSourcesBuildPhase section */

/* Begin XCBuildConfiguration section */
		D6CB33681664FD2900AB34B7 /* Debug */ = {
			isa = XCBuildConfiguration;
			buildSettings = {
				ALWAYS_SEARCH_USER_PATHS = NO;
				ARCHS = "$(ARCHS_STANDARD_32_64_BIT)";
				CLANG_CXX_LANGUAGE_STANDARD = "gnu++0x";
				CLANG_CXX_LIBRARY = "libc++";
				CLANG_WARN_BOOL_CONVERSION = YES;
				CLANG_WARN_CONSTANT_CONVERSION = YES;
				CLANG_WARN_DEPRECATED_OBJC_IMPLEMENTATIONS = YES;
				CLANG_WARN_EMPTY_BODY = YES;
				CLANG_WARN_ENUM_CONVERSION = YES;
				CLANG_WARN_INFINITE_RECURSION = YES;
				CLANG_WARN_INT_CONVERSION = YES;
				CLANG_WARN_SUSPICIOUS_MOVE = YES;
				CLANG_WARN_UNREACHABLE_CODE = YES;
				CLANG_WARN__DUPLICATE_METHOD_MATCH = YES;
				COPY_PHASE_STRIP = NO;
				ENABLE_STRICT_OBJC_MSGSEND = YES;
				ENABLE_TESTABILITY = YES;
				GCC_C_LANGUAGE_STANDARD = gnu99;
				GCC_DYNAMIC_NO_PIC = NO;
				GCC_ENABLE_OBJC_EXCEPTIONS = YES;
				GCC_NO_COMMON_BLOCKS = YES;
				GCC_OPTIMIZATION_LEVEL = 0;
				GCC_PREPROCESSOR_DEFINITIONS = (
					"DEBUG=1",
					"$(inherited)",
				);
				GCC_STRICT_ALIASING = YES;
				GCC_SYMBOLS_PRIVATE_EXTERN = NO;
				GCC_WARN_64_TO_32_BIT_CONVERSION = YES;
				GCC_WARN_ABOUT_RETURN_TYPE = YES;
				GCC_WARN_UNDECLARED_SELECTOR = YES;
				GCC_WARN_UNINITIALIZED_AUTOS = YES;
				GCC_WARN_UNUSED_FUNCTION = YES;
				GCC_WARN_UNUSED_VARIABLE = YES;
				MACOSX_DEPLOYMENT_TARGET = 10.7;
				ONLY_ACTIVE_ARCH = YES;
				SDKROOT = macosx;
			};
			name = Debug;
		};
		D6CB33691664FD2900AB34B7 /* Release */ = {
			isa = XCBuildConfiguration;
			buildSettings = {
				ALWAYS_SEARCH_USER_PATHS = NO;
				ARCHS = "$(ARCHS_STANDARD_32_64_BIT)";
				CLANG_CXX_LANGUAGE_STANDARD = "gnu++0x";
				CLANG_CXX_LIBRARY = "libc++";
				CLANG_WARN_BOOL_CONVERSION = YES;
				CLANG_WARN_CONSTANT_CONVERSION = YES;
				CLANG_WARN_DEPRECATED_OBJC_IMPLEMENTATIONS = YES;
				CLANG_WARN_EMPTY_BODY = YES;
				CLANG_WARN_ENUM_CONVERSION = YES;
				CLANG_WARN_INFINITE_RECURSION = YES;
				CLANG_WARN_INT_CONVERSION = YES;
				CLANG_WARN_SUSPICIOUS_MOVE = YES;
				CLANG_WARN_UNREACHABLE_CODE = YES;
				CLANG_WARN__DUPLICATE_METHOD_MATCH = YES;
				COPY_PHASE_STRIP = YES;
				DEBUG_INFORMATION_FORMAT = "dwarf-with-dsym";
				ENABLE_STRICT_OBJC_MSGSEND = YES;
				GCC_C_LANGUAGE_STANDARD = gnu99;
				GCC_ENABLE_OBJC_EXCEPTIONS = YES;
				GCC_NO_COMMON_BLOCKS = YES;
				GCC_STRICT_ALIASING = YES;
				GCC_WARN_64_TO_32_BIT_CONVERSION = YES;
				GCC_WARN_ABOUT_RETURN_TYPE = YES;
				GCC_WARN_UNDECLARED_SELECTOR = YES;
				GCC_WARN_UNINITIALIZED_AUTOS = YES;
				GCC_WARN_UNUSED_FUNCTION = YES;
				GCC_WARN_UNUSED_VARIABLE = YES;
				MACOSX_DEPLOYMENT_TARGET = 10.7;
				SDKROOT = macosx;
			};
			name = Release;
		};
		D6CB336B1664FD2900AB34B7 /* Debug */ = {
			isa = XCBuildConfiguration;
			buildSettings = {
				PRODUCT_NAME = "$(TARGET_NAME)";
			};
			name = Debug;
		};
		D6CB336C1664FD2900AB34B7 /* Release */ = {
			isa = XCBuildConfiguration;
			buildSettings = {
				PRODUCT_NAME = "$(TARGET_NAME)";
			};
			name = Release;
		};
/* End XCBuildConfiguration section */

/* Begin XCConfigurationList section */
		D6CB335C1664FD2900AB34B7 /* Build configuration list for PBXProject "HDiff" */ = {
			isa = XCConfigurationList;
			buildConfigurations = (
				D6CB33681664FD2900AB34B7 /* Debug */,
				D6CB33691664FD2900AB34B7 /* Release */,
			);
			defaultConfigurationIsVisible = 0;
			defaultConfigurationName = Release;
		};
		D6CB336A1664FD2900AB34B7 /* Build configuration list for PBXNativeTarget "HDiff" */ = {
			isa = XCConfigurationList;
			buildConfigurations = (
				D6CB336B1664FD2900AB34B7 /* Debug */,
				D6CB336C1664FD2900AB34B7 /* Release */,
			);
			defaultConfigurationIsVisible = 0;
			defaultConfigurationName = Release;
		};
/* End XCConfigurationList section */
	};
	rootObject = D6CB33591664FD2900AB34B7 /* Project object */;
}
