// !$*UTF8*$!
{
	archiveVersion = 1;
	classes = {
	};
	objectVersion = 48;
	objects = {

/* Begin PBXBuildFile section */
		D6DA376020468A05009AEF45 /* inflate.c in Sources */ = {isa = PBXBuildFile; fileRef = D6DA363B20468A05009AEF45 /* inflate.c */; };
		D6DA376520468A05009AEF45 /* deflate.c in Sources */ = {isa = PBXBuildFile; fileRef = D6DA364820468A05009AEF45 /* deflate.c */; };
		D6DA37AC20468A05009AEF45 /* crc32.c in Sources */ = {isa = PBXBuildFile; fileRef = D6DA372220468A05009AEF45 /* crc32.c */; };
		D6DA37AE20468A05009AEF45 /* zutil.c in Sources */ = {isa = PBXBuildFile; fileRef = D6DA372520468A05009AEF45 /* zutil.c */; };
		D6DA37BE20468A05009AEF45 /* inftrees.c in Sources */ = {isa = PBXBuildFile; fileRef = D6DA374120468A05009AEF45 /* inftrees.c */; };
		D6DA37C120468A05009AEF45 /* trees.c in Sources */ = {isa = PBXBuildFile; fileRef = D6DA374B20468A05009AEF45 /* trees.c */; };
		D6DA37C420468A05009AEF45 /* inffast.c in Sources */ = {isa = PBXBuildFile; fileRef = D6DA375820468A05009AEF45 /* inffast.c */; };
		D6DA37C520468A05009AEF45 /* adler32.c in Sources */ = {isa = PBXBuildFile; fileRef = D6DA375920468A05009AEF45 /* adler32.c */; };
/* End PBXBuildFile section */

/* Begin PBXFileReference section */
		D6888897204688D30042E2B3 /* libzlib.a */ = {isa = PBXFileReference; explicitFileType = archive.ar; includeInIndex = 0; path = libzlib.a; sourceTree = BUILT_PRODUCTS_DIR; };
		D6DA363B20468A05009AEF45 /* inflate.c */ = {isa = PBXFileReference; fileEncoding = 4; lastKnownFileType = sourcecode.c.c; path = inflate.c; sourceTree = "<group>"; };
		D6DA364820468A05009AEF45 /* deflate.c */ = {isa = PBXFileReference; fileEncoding = 4; lastKnownFileType = sourcecode.c.c; path = deflate.c; sourceTree = "<group>"; };
		D6DA372220468A05009AEF45 /* crc32.c */ = {isa = PBXFileReference; fileEncoding = 4; lastKnownFileType = sourcecode.c.c; path = crc32.c; sourceTree = "<group>"; };
		D6DA372520468A05009AEF45 /* zutil.c */ = {isa = PBXFileReference; fileEncoding = 4; lastKnownFileType = sourcecode.c.c; path = zutil.c; sourceTree = "<group>"; };
		D6DA374120468A05009AEF45 /* inftrees.c */ = {isa = PBXFileReference; fileEncoding = 4; lastKnownFileType = sourcecode.c.c; path = inftrees.c; sourceTree = "<group>"; };
		D6DA374B20468A05009AEF45 /* trees.c */ = {isa = PBXFileReference; fileEncoding = 4; lastKnownFileType = sourcecode.c.c; path = trees.c; sourceTree = "<group>"; };
		D6DA375820468A05009AEF45 /* inffast.c */ = {isa = PBXFileReference; fileEncoding = 4; lastKnownFileType = sourcecode.c.c; path = inffast.c; sourceTree = "<group>"; };
		D6DA375920468A05009AEF45 /* adler32.c */ = {isa = PBXFileReference; fileEncoding = 4; lastKnownFileType = sourcecode.c.c; path = adler32.c; sourceTree = "<group>"; };
/* End PBXFileReference section */

/* Begin PBXFrameworksBuildPhase section */
		D6888894204688D30042E2B3 /* Frameworks */ = {
			isa = PBXFrameworksBuildPhase;
			buildActionMask = 2147483647;
			files = (
			);
			runOnlyForDeploymentPostprocessing = 0;
		};
/* End PBXFrameworksBuildPhase section */

/* Begin PBXGroup section */
		D688888E204688D30042E2B3 = {
			isa = PBXGroup;
			children = (
				D6DA363820468A05009AEF45 /* zlib */,
				D6888898204688D30042E2B3 /* Products */,
			);
			sourceTree = "<group>";
		};
		D6888898204688D30042E2B3 /* Products */ = {
			isa = PBXGroup;
			children = (
				D6888897204688D30042E2B3 /* libzlib.a */,
			);
			name = Products;
			sourceTree = "<group>";
		};
		D6DA363820468A05009AEF45 /* zlib */ = {
			isa = PBXGroup;
			children = (
				D6DA363B20468A05009AEF45 /* inflate.c */,
				D6DA364820468A05009AEF45 /* deflate.c */,
				D6DA372220468A05009AEF45 /* crc32.c */,
				D6DA372520468A05009AEF45 /* zutil.c */,
				D6DA374120468A05009AEF45 /* inftrees.c */,
				D6DA374B20468A05009AEF45 /* trees.c */,
				D6DA375820468A05009AEF45 /* inffast.c */,
				D6DA375920468A05009AEF45 /* adler32.c */,
			);
			name = zlib;
			path = ../../../zlib;
			sourceTree = "<group>";
		};
/* End PBXGroup section */

/* Begin PBXHeadersBuildPhase section */
		D6888895204688D30042E2B3 /* Headers */ = {
			isa = PBXHeadersBuildPhase;
			buildActionMask = 2147483647;
			files = (
			);
			runOnlyForDeploymentPostprocessing = 0;
		};
/* End PBXHeadersBuildPhase section */

/* Begin PBXNativeTarget section */
		D6888896204688D30042E2B3 /* zlib */ = {
			isa = PBXNativeTarget;
			buildConfigurationList = D688889B204688D30042E2B3 /* Build configuration list for PBXNativeTarget "zlib" */;
			buildPhases = (
				D6888893204688D30042E2B3 /* Sources */,
				D6888894204688D30042E2B3 /* Frameworks */,
				D6888895204688D30042E2B3 /* Headers */,
			);
			buildRules = (
			);
			dependencies = (
			);
			name = zlib;
			productName = zlib;
			productReference = D6888897204688D30042E2B3 /* libzlib.a */;
			productType = "com.apple.product-type.library.static";
		};
/* End PBXNativeTarget section */

/* Begin PBXProject section */
		D688888F204688D30042E2B3 /* Project object */ = {
			isa = PBXProject;
			attributes = {
				LastUpgradeCheck = 1000;
				ORGANIZATIONNAME = housisong;
				TargetAttributes = {
					D6888896204688D30042E2B3 = {
						CreatedOnToolsVersion = 9.2;
						ProvisioningStyle = Automatic;
					};
				};
			};
			buildConfigurationList = D6888892204688D30042E2B3 /* Build configuration list for PBXProject "zlib" */;
			compatibilityVersion = "Xcode 8.0";
			developmentRegion = en;
			hasScannedForEncodings = 0;
			knownRegions = (
				en,
				Base,
			);
			mainGroup = D688888E204688D30042E2B3;
			productRefGroup = D6888898204688D30042E2B3 /* Products */;
			projectDirPath = "";
			projectRoot = "";
			targets = (
				D6888896204688D30042E2B3 /* zlib */,
			);
		};
/* End PBXProject section */

/* Begin PBXSourcesBuildPhase section */
		D6888893204688D30042E2B3 /* Sources */ = {
			isa = PBXSourcesBuildPhase;
			buildActionMask = 2147483647;
			files = (
				D6DA376020468A05009AEF45 /* inflate.c in Sources */,
				D6DA37C520468A05009AEF45 /* adler32.c in Sources */,
				D6DA37AE20468A05009AEF45 /* zutil.c in Sources */,
				D6DA376520468A05009AEF45 /* deflate.c in Sources */,
				D6DA37C120468A05009AEF45 /* trees.c in Sources */,
				D6DA37C420468A05009AEF45 /* inffast.c in Sources */,
				D6DA37BE20468A05009AEF45 /* inftrees.c in Sources */,
				D6DA37AC20468A05009AEF45 /* crc32.c in Sources */,
			);
			runOnlyForDeploymentPostprocessing = 0;
		};
/* End PBXSourcesBuildPhase section */

/* Begin XCBuildConfiguration section */
		D6888899204688D30042E2B3 /* Debug */ = {
			isa = XCBuildConfiguration;
			buildSettings = {
				ALWAYS_SEARCH_USER_PATHS = NO;
				CLANG_ANALYZER_NONNULL = YES;
				CLANG_ANALYZER_NUMBER_OBJECT_CONVERSION = YES_AGGRESSIVE;
				CLANG_CXX_LANGUAGE_STANDARD = "gnu++14";
				CLANG_CXX_LIBRARY = "libc++";
				CLANG_ENABLE_MODULES = YES;
				CLANG_ENABLE_OBJC_ARC = YES;
				CLANG_WARN_BLOCK_CAPTURE_AUTORELEASING = YES;
				CLANG_WARN_BOOL_CONVERSION = YES;
				CLANG_WARN_COMMA = YES;
				CLANG_WARN_CONSTANT_CONVERSION = YES;
				CLANG_WARN_DEPRECATED_OBJC_IMPLEMENTATIONS = YES;
				CLANG_WARN_DIRECT_OBJC_ISA_USAGE = YES_ERROR;
				CLANG_WARN_DOCUMENTATION_COMMENTS = YES;
				CLANG_WARN_EMPTY_BODY = YES;
				CLANG_WARN_ENUM_CONVERSION = YES;
				CLANG_WARN_INFINITE_RECURSION = YES;
				CLANG_WARN_INT_CONVERSION = YES;
				CLANG_WARN_NON_LITERAL_NULL_CONVERSION = YES;
				CLANG_WARN_OBJC_IMPLICIT_RETAIN_SELF = YES;
				CLANG_WARN_OBJC_LITERAL_CONVERSION = YES;
				CLANG_WARN_OBJC_ROOT_CLASS = YES_ERROR;
				CLANG_WARN_RANGE_LOOP_ANALYSIS = YES;
				CLANG_WARN_STRICT_PROTOTYPES = YES;
				CLANG_WARN_SUSPICIOUS_MOVE = YES;
				CLANG_WARN_UNGUARDED_AVAILABILITY = YES_AGGRESSIVE;
				CLANG_WARN_UNREACHABLE_CODE = YES;
				CLANG_WARN__DUPLICATE_METHOD_MATCH = YES;
				CODE_SIGN_IDENTITY = "-";
				COPY_PHASE_STRIP = NO;
				DEBUG_INFORMATION_FORMAT = dwarf;
				ENABLE_STRICT_OBJC_MSGSEND = YES;
				ENABLE_TESTABILITY = YES;
				GCC_C_LANGUAGE_STANDARD = gnu11;
				GCC_DYNAMIC_NO_PIC = NO;
				GCC_NO_COMMON_BLOCKS = YES;
				GCC_OPTIMIZATION_LEVEL = 0;
				GCC_PREPROCESSOR_DEFINITIONS = (
					"DEBUG=1",
					"$(inherited)",
				);
				GCC_WARN_64_TO_32_BIT_CONVERSION = YES;
				GCC_WARN_ABOUT_RETURN_TYPE = YES_ERROR;
				GCC_WARN_UNDECLARED_SELECTOR = YES;
				GCC_WARN_UNINITIALIZED_AUTOS = YES_AGGRESSIVE;
				GCC_WARN_UNUSED_FUNCTION = YES;
				GCC_WARN_UNUSED_VARIABLE = YES;
				MACOSX_DEPLOYMENT_TARGET = 10.9;
				MTL_ENABLE_DEBUG_INFO = YES;
				ONLY_ACTIVE_ARCH = YES;
				SDKROOT = macosx;
			};
			name = Debug;
		};
		D688889A204688D30042E2B3 /* Release */ = {
			isa = XCBuildConfiguration;
			buildSettings = {
				ALWAYS_SEARCH_USER_PATHS = NO;
				CLANG_ANALYZER_NONNULL = YES;
				CLANG_ANALYZER_NUMBER_OBJECT_CONVERSION = YES_AGGRESSIVE;
				CLANG_CXX_LANGUAGE_STANDARD = "gnu++14";
				CLANG_CXX_LIBRARY = "libc++";
				CLANG_ENABLE_MODULES = YES;
				CLANG_ENABLE_OBJC_ARC = YES;
				CLANG_WARN_BLOCK_CAPTURE_AUTORELEASING = YES;
				CLANG_WARN_BOOL_CONVERSION = YES;
				CLANG_WARN_COMMA = YES;
				CLANG_WARN_CONSTANT_CONVERSION = YES;
				CLANG_WARN_DEPRECATED_OBJC_IMPLEMENTATIONS = YES;
				CLANG_WARN_DIRECT_OBJC_ISA_USAGE = YES_ERROR;
				CLANG_WARN_DOCUMENTATION_COMMENTS = YES;
				CLANG_WARN_EMPTY_BODY = YES;
				CLANG_WARN_ENUM_CONVERSION = YES;
				CLANG_WARN_INFINITE_RECURSION = YES;
				CLANG_WARN_INT_CONVERSION = YES;
				CLANG_WARN_NON_LITERAL_NULL_CONVERSION = YES;
				CLANG_WARN_OBJC_IMPLICIT_RETAIN_SELF = YES;
				CLANG_WARN_OBJC_LITERAL_CONVERSION = YES;
				CLANG_WARN_OBJC_ROOT_CLASS = YES_ERROR;
				CLANG_WARN_RANGE_LOOP_ANALYSIS = YES;
				CLANG_WARN_STRICT_PROTOTYPES = YES;
				CLANG_WARN_SUSPICIOUS_MOVE = YES;
				CLANG_WARN_UNGUARDED_AVAILABILITY = YES_AGGRESSIVE;
				CLANG_WARN_UNREACHABLE_CODE = YES;
				CLANG_WARN__DUPLICATE_METHOD_MATCH = YES;
				CODE_SIGN_IDENTITY = "-";
				COPY_PHASE_STRIP = NO;
				DEBUG_INFORMATION_FORMAT = "dwarf-with-dsym";
				ENABLE_NS_ASSERTIONS = NO;
				ENABLE_STRICT_OBJC_MSGSEND = YES;
				GCC_C_LANGUAGE_STANDARD = gnu11;
				GCC_NO_COMMON_BLOCKS = YES;
				GCC_OPTIMIZATION_LEVEL = s;
				GCC_PREPROCESSOR_DEFINITIONS = NDEBUG;
				GCC_WARN_64_TO_32_BIT_CONVERSION = YES;
				GCC_WARN_ABOUT_RETURN_TYPE = YES_ERROR;
				GCC_WARN_UNDECLARED_SELECTOR = YES;
				GCC_WARN_UNINITIALIZED_AUTOS = YES_AGGRESSIVE;
				GCC_WARN_UNUSED_FUNCTION = YES;
				GCC_WARN_UNUSED_VARIABLE = YES;
				MACOSX_DEPLOYMENT_TARGET = 10.9;
				MTL_ENABLE_DEBUG_INFO = NO;
				SDKROOT = macosx;
			};
			name = Release;
		};
		D688889C204688D30042E2B3 /* Debug */ = {
			isa = XCBuildConfiguration;
			buildSettings = {
				CODE_SIGN_STYLE = Automatic;
				EXECUTABLE_PREFIX = lib;
				PRODUCT_NAME = "$(TARGET_NAME)";
			};
			name = Debug;
		};
		D688889D204688D30042E2B3 /* Release */ = {
			isa = XCBuildConfiguration;
			buildSettings = {
				CODE_SIGN_STYLE = Automatic;
				EXECUTABLE_PREFIX = lib;
				PRODUCT_NAME = "$(TARGET_NAME)";
			};
			name = Release;
		};
/* End XCBuildConfiguration section */

/* Begin XCConfigurationList section */
		D6888892204688D30042E2B3 /* Build configuration list for PBXProject "zlib" */ = {
			isa = XCConfigurationList;
			buildConfigurations = (
				D6888899204688D30042E2B3 /* Debug */,
				D688889A204688D30042E2B3 /* Release */,
			);
			defaultConfigurationIsVisible = 0;
			defaultConfigurationName = Release;
		};
		D688889B204688D30042E2B3 /* Build configuration list for PBXNativeTarget "zlib" */ = {
			isa = XCConfigurationList;
			buildConfigurations = (
				D688889C204688D30042E2B3 /* Debug */,
				D688889D204688D30042E2B3 /* Release */,
			);
			defaultConfigurationIsVisible = 0;
			defaultConfigurationName = Release;
		};
/* End XCConfigurationList section */
	};
	rootObject = D688888F204688D30042E2B3 /* Project object */;
}
