// !$*UTF8*$!
{
	archiveVersion = 1;
	classes = {
	};
	objectVersion = 46;
	objects = {

/* Begin PBXBuildFile section */
		D68CD8F21F4426B100A61337 /* stream_serialize.cpp in Sources */ = {isa = PBXBuildFile; fileRef = D68CD8F01F4426B100A61337 /* stream_serialize.cpp */; };
		D690AB9C1F20792A0089DC57 /* hdiffz.cpp in Sources */ = {isa = PBXBuildFile; fileRef = D690AB9B1F20792A0089DC57 /* hdiffz.cpp */; };
		D690ABB71F2079E80089DC57 /* diff.cpp in Sources */ = {isa = PBXBuildFile; fileRef = D690ABA01F2079E80089DC57 /* diff.cpp */; };
		D690ABB81F2079E80089DC57 /* bytes_rle.cpp in Sources */ = {isa = PBXBuildFile; fileRef = D690ABA31F2079E80089DC57 /* bytes_rle.cpp */; };
		D690ABB91F2079E80089DC57 /* divsufsort.c in Sources */ = {isa = PBXBuildFile; fileRef = D690ABA71F2079E80089DC57 /* divsufsort.c */; };
		D690ABBA1F2079E80089DC57 /* divsufsort64.c in Sources */ = {isa = PBXBuildFile; fileRef = D690ABAA1F2079E80089DC57 /* divsufsort64.c */; };
		D690ABBB1F2079E80089DC57 /* suffix_string.cpp in Sources */ = {isa = PBXBuildFile; fileRef = D690ABB21F2079E80089DC57 /* suffix_string.cpp */; };
		D690ABBC1F2079E80089DC57 /* patch.c in Sources */ = {isa = PBXBuildFile; fileRef = D690ABB51F2079E80089DC57 /* patch.c */; };
		D690AEFB1F2097C90089DC57 /* libbz2.tbd in Frameworks */ = {isa = PBXBuildFile; fileRef = D690AEFA1F2097C90089DC57 /* libbz2.tbd */; };
		D690AEFD1F2097D30089DC57 /* libz.tbd in Frameworks */ = {isa = PBXBuildFile; fileRef = D690AEFC1F2097D30089DC57 /* libz.tbd */; };
		D6DD68E01F4015A900A1B22B /* digest_matcher.cpp in Sources */ = {isa = PBXBuildFile; fileRef = D6DD68DE1F4015A900A1B22B /* digest_matcher.cpp */; };
		D6DD68E31F40163200A1B22B /* adler_roll.c in Sources */ = {isa = PBXBuildFile; fileRef = D6DD68E21F40163200A1B22B /* adler_roll.c */; };
		D6EE505D1F287234002854A2 /* compress_detect.cpp in Sources */ = {isa = PBXBuildFile; fileRef = D6EE505B1F287234002854A2 /* compress_detect.cpp */; };
/* End PBXBuildFile section */

/* Begin PBXCopyFilesBuildPhase section */
		D690AB8F1F2078A40089DC57 /* CopyFiles */ = {
			isa = PBXCopyFilesBuildPhase;
			buildActionMask = 2147483647;
			dstPath = /usr/share/man/man1/;
			dstSubfolderSpec = 0;
			files = (
			);
			runOnlyForDeploymentPostprocessing = 1;
		};
/* End PBXCopyFilesBuildPhase section */

/* Begin PBXFileReference section */
		D68CD8EF1F43B11C00A61337 /* covers.h */ = {isa = PBXFileReference; fileEncoding = 4; lastKnownFileType = sourcecode.c.h; path = covers.h; sourceTree = "<group>"; };
		D68CD8F01F4426B100A61337 /* stream_serialize.cpp */ = {isa = PBXFileReference; fileEncoding = 4; lastKnownFileType = sourcecode.cpp.cpp; path = stream_serialize.cpp; sourceTree = "<group>"; };
		D68CD8F11F4426B100A61337 /* stream_serialize.h */ = {isa = PBXFileReference; fileEncoding = 4; lastKnownFileType = sourcecode.c.h; path = stream_serialize.h; sourceTree = "<group>"; };
		D690AB911F2078A40089DC57 /* HDiffZ */ = {isa = PBXFileReference; explicitFileType = "compiled.mach-o.executable"; includeInIndex = 0; path = HDiffZ; sourceTree = BUILT_PRODUCTS_DIR; };
		D690AB9B1F20792A0089DC57 /* hdiffz.cpp */ = {isa = PBXFileReference; fileEncoding = 4; lastKnownFileType = sourcecode.cpp.cpp; name = hdiffz.cpp; path = ../../hdiffz.cpp; sourceTree = "<group>"; };
		D690ABA01F2079E80089DC57 /* diff.cpp */ = {isa = PBXFileReference; fileEncoding = 4; lastKnownFileType = sourcecode.cpp.cpp; path = diff.cpp; sourceTree = "<group>"; };
		D690ABA11F2079E80089DC57 /* diff.h */ = {isa = PBXFileReference; fileEncoding = 4; lastKnownFileType = sourcecode.c.h; path = diff.h; sourceTree = "<group>"; };
		D690ABA31F2079E80089DC57 /* bytes_rle.cpp */ = {isa = PBXFileReference; fileEncoding = 4; lastKnownFileType = sourcecode.cpp.cpp; path = bytes_rle.cpp; sourceTree = "<group>"; };
		D690ABA41F2079E80089DC57 /* bytes_rle.h */ = {isa = PBXFileReference; fileEncoding = 4; lastKnownFileType = sourcecode.c.h; path = bytes_rle.h; sourceTree = "<group>"; };
		D690ABA61F2079E80089DC57 /* config.h */ = {isa = PBXFileReference; fileEncoding = 4; lastKnownFileType = sourcecode.c.h; path = config.h; sourceTree = "<group>"; };
		D690ABA71F2079E80089DC57 /* divsufsort.c */ = {isa = PBXFileReference; fileEncoding = 4; lastKnownFileType = sourcecode.c.c; path = divsufsort.c; sourceTree = "<group>"; };
		D690ABA81F2079E80089DC57 /* divsufsort.c.inc.h */ = {isa = PBXFileReference; fileEncoding = 4; lastKnownFileType = sourcecode.c.h; path = divsufsort.c.inc.h; sourceTree = "<group>"; };
		D690ABA91F2079E80089DC57 /* divsufsort.h */ = {isa = PBXFileReference; fileEncoding = 4; lastKnownFileType = sourcecode.c.h; path = divsufsort.h; sourceTree = "<group>"; };
		D690ABAA1F2079E80089DC57 /* divsufsort64.c */ = {isa = PBXFileReference; fileEncoding = 4; lastKnownFileType = sourcecode.c.c; path = divsufsort64.c; sourceTree = "<group>"; };
		D690ABAB1F2079E80089DC57 /* divsufsort64.h */ = {isa = PBXFileReference; fileEncoding = 4; lastKnownFileType = sourcecode.c.h; path = divsufsort64.h; sourceTree = "<group>"; };
		D690ABAC1F2079E80089DC57 /* divsufsort_private.h */ = {isa = PBXFileReference; fileEncoding = 4; lastKnownFileType = sourcecode.c.h; path = divsufsort_private.h; sourceTree = "<group>"; };
		D690ABAD1F2079E80089DC57 /* sssort.c.inc.h */ = {isa = PBXFileReference; fileEncoding = 4; lastKnownFileType = sourcecode.c.h; path = sssort.c.inc.h; sourceTree = "<group>"; };
		D690ABAE1F2079E80089DC57 /* trsort.c.inc.h */ = {isa = PBXFileReference; fileEncoding = 4; lastKnownFileType = sourcecode.c.h; path = trsort.c.inc.h; sourceTree = "<group>"; };
		D690ABAF1F2079E80089DC57 /* utils.c.inc.h */ = {isa = PBXFileReference; fileEncoding = 4; lastKnownFileType = sourcecode.c.h; path = utils.c.inc.h; sourceTree = "<group>"; };
		D690ABB01F2079E80089DC57 /* pack_uint.h */ = {isa = PBXFileReference; fileEncoding = 4; lastKnownFileType = sourcecode.c.h; path = pack_uint.h; sourceTree = "<group>"; };
		D690ABB11F2079E80089DC57 /* sais.hxx */ = {isa = PBXFileReference; fileEncoding = 4; lastKnownFileType = sourcecode.cpp.h; path = sais.hxx; sourceTree = "<group>"; };
		D690ABB21F2079E80089DC57 /* suffix_string.cpp */ = {isa = PBXFileReference; fileEncoding = 4; lastKnownFileType = sourcecode.cpp.cpp; path = suffix_string.cpp; sourceTree = "<group>"; };
		D690ABB31F2079E80089DC57 /* suffix_string.h */ = {isa = PBXFileReference; fileEncoding = 4; lastKnownFileType = sourcecode.c.h; path = suffix_string.h; sourceTree = "<group>"; };
		D690ABB51F2079E80089DC57 /* patch.c */ = {isa = PBXFileReference; fileEncoding = 4; lastKnownFileType = sourcecode.c.c; path = patch.c; sourceTree = "<group>"; };
		D690ABB61F2079E80089DC57 /* patch.h */ = {isa = PBXFileReference; fileEncoding = 4; lastKnownFileType = sourcecode.c.h; path = patch.h; sourceTree = "<group>"; };
		D690AEFA1F2097C90089DC57 /* libbz2.tbd */ = {isa = PBXFileReference; lastKnownFileType = "sourcecode.text-based-dylib-definition"; name = libbz2.tbd; path = usr/lib/libbz2.tbd; sourceTree = SDKROOT; };
		D690AEFC1F2097D30089DC57 /* libz.tbd */ = {isa = PBXFileReference; lastKnownFileType = "sourcecode.text-based-dylib-definition"; name = libz.tbd; path = usr/lib/libz.tbd; sourceTree = SDKROOT; };
		D6DD68DE1F4015A900A1B22B /* digest_matcher.cpp */ = {isa = PBXFileReference; fileEncoding = 4; lastKnownFileType = sourcecode.cpp.cpp; path = digest_matcher.cpp; sourceTree = "<group>"; };
		D6DD68DF1F4015A900A1B22B /* digest_matcher.h */ = {isa = PBXFileReference; fileEncoding = 4; lastKnownFileType = sourcecode.c.h; path = digest_matcher.h; sourceTree = "<group>"; };
		D6DD68E11F40163200A1B22B /* adler_roll.h */ = {isa = PBXFileReference; fileEncoding = 4; lastKnownFileType = sourcecode.c.h; path = adler_roll.h; sourceTree = "<group>"; };
		D6DD68E21F40163200A1B22B /* adler_roll.c */ = {isa = PBXFileReference; fileEncoding = 4; lastKnownFileType = sourcecode.c.c; path = adler_roll.c; sourceTree = "<group>"; };
		D6DD68E41F41307900A1B22B /* bloom_filter.h */ = {isa = PBXFileReference; fileEncoding = 4; lastKnownFileType = sourcecode.c.h; path = bloom_filter.h; sourceTree = "<group>"; };
		D6E150941F21A95200C2AD3D /* patch_types.h */ = {isa = PBXFileReference; fileEncoding = 4; lastKnownFileType = sourcecode.c.h; path = patch_types.h; sourceTree = "<group>"; };
		D6E150981F223B2700C2AD3D /* compress_plugin_demo.h */ = {isa = PBXFileReference; fileEncoding = 4; lastKnownFileType = sourcecode.c.h; name = compress_plugin_demo.h; path = ../../compress_plugin_demo.h; sourceTree = "<group>"; };
		D6E1509A1F223DC100C2AD3D /* decompress_plugin_demo.h */ = {isa = PBXFileReference; fileEncoding = 4; lastKnownFileType = sourcecode.c.h; name = decompress_plugin_demo.h; path = ../../decompress_plugin_demo.h; sourceTree = "<group>"; };
		D6E151291F2767CA00C2AD3D /* liblzma.tbd */ = {isa = PBXFileReference; lastKnownFileType = "sourcecode.text-based-dylib-definition"; name = liblzma.tbd; path = usr/lib/liblzma.tbd; sourceTree = SDKROOT; };
		D6EE505B1F287234002854A2 /* compress_detect.cpp */ = {isa = PBXFileReference; fileEncoding = 4; lastKnownFileType = sourcecode.cpp.cpp; path = compress_detect.cpp; sourceTree = "<group>"; };
		D6EE505C1F287234002854A2 /* compress_detect.h */ = {isa = PBXFileReference; fileEncoding = 4; lastKnownFileType = sourcecode.c.h; path = compress_detect.h; sourceTree = "<group>"; };
/* End PBXFileReference section */

/* Begin PBXFrameworksBuildPhase section */
		D690AB8E1F2078A40089DC57 /* Frameworks */ = {
			isa = PBXFrameworksBuildPhase;
			buildActionMask = 2147483647;
			files = (
				D690AEFD1F2097D30089DC57 /* libz.tbd in Frameworks */,
				D690AEFB1F2097C90089DC57 /* libbz2.tbd in Frameworks */,
			);
			runOnlyForDeploymentPostprocessing = 0;
		};
/* End PBXFrameworksBuildPhase section */

/* Begin PBXGroup section */
		D690AB881F2078A40089DC57 = {
			isa = PBXGroup;
			children = (
				D690AB9E1F2079E80089DC57 /* libHDiffPatch */,
				D6E150981F223B2700C2AD3D /* compress_plugin_demo.h */,
				D6E1509A1F223DC100C2AD3D /* decompress_plugin_demo.h */,
				D690AB9B1F20792A0089DC57 /* hdiffz.cpp */,
				D690AB921F2078A40089DC57 /* Products */,
				D690ABBD1F20832E0089DC57 /* Frameworks */,
			);
			sourceTree = "<group>";
		};
		D690AB921F2078A40089DC57 /* Products */ = {
			isa = PBXGroup;
			children = (
				D690AB911F2078A40089DC57 /* HDiffZ */,
			);
			name = Products;
			sourceTree = "<group>";
		};
		D690AB9E1F2079E80089DC57 /* libHDiffPatch */ = {
			isa = PBXGroup;
			children = (
				D690AB9F1F2079E80089DC57 /* HDiff */,
				D690ABB41F2079E80089DC57 /* HPatch */,
			);
			name = libHDiffPatch;
			path = ../../libHDiffPatch;
			sourceTree = "<group>";
		};
		D690AB9F1F2079E80089DC57 /* HDiff */ = {
			isa = PBXGroup;
			children = (
				D690ABA01F2079E80089DC57 /* diff.cpp */,
				D690ABA11F2079E80089DC57 /* diff.h */,
				D690ABA21F2079E80089DC57 /* private_diff */,
			);
			path = HDiff;
			sourceTree = "<group>";
		};
		D690ABA21F2079E80089DC57 /* private_diff */ = {
			isa = PBXGroup;
			children = (
				D6DD68DD1F4015A900A1B22B /* limit_mem_diff */,
				D690ABA31F2079E80089DC57 /* bytes_rle.cpp */,
				D690ABA41F2079E80089DC57 /* bytes_rle.h */,
				D690ABA51F2079E80089DC57 /* libdivsufsort */,
				D690ABB01F2079E80089DC57 /* pack_uint.h */,
				D690ABB11F2079E80089DC57 /* sais.hxx */,
				D690ABB21F2079E80089DC57 /* suffix_string.cpp */,
				D690ABB31F2079E80089DC57 /* suffix_string.h */,
				D6EE505B1F287234002854A2 /* compress_detect.cpp */,
				D6EE505C1F287234002854A2 /* compress_detect.h */,
			);
			path = private_diff;
			sourceTree = "<group>";
		};
		D690ABA51F2079E80089DC57 /* libdivsufsort */ = {
			isa = PBXGroup;
			children = (
				D690ABA61F2079E80089DC57 /* config.h */,
				D690ABA71F2079E80089DC57 /* divsufsort.c */,
				D690ABA81F2079E80089DC57 /* divsufsort.c.inc.h */,
				D690ABA91F2079E80089DC57 /* divsufsort.h */,
				D690ABAA1F2079E80089DC57 /* divsufsort64.c */,
				D690ABAB1F2079E80089DC57 /* divsufsort64.h */,
				D690ABAC1F2079E80089DC57 /* divsufsort_private.h */,
				D690ABAD1F2079E80089DC57 /* sssort.c.inc.h */,
				D690ABAE1F2079E80089DC57 /* trsort.c.inc.h */,
				D690ABAF1F2079E80089DC57 /* utils.c.inc.h */,
			);
			path = libdivsufsort;
			sourceTree = "<group>";
		};
		D690ABB41F2079E80089DC57 /* HPatch */ = {
			isa = PBXGroup;
			children = (
				D690ABB51F2079E80089DC57 /* patch.c */,
				D690ABB61F2079E80089DC57 /* patch.h */,
				D6E150941F21A95200C2AD3D /* patch_types.h */,
			);
			path = HPatch;
			sourceTree = "<group>";
		};
		D690ABBD1F20832E0089DC57 /* Frameworks */ = {
			isa = PBXGroup;
			children = (
				D6E151291F2767CA00C2AD3D /* liblzma.tbd */,
				D690AEFC1F2097D30089DC57 /* libz.tbd */,
				D690AEFA1F2097C90089DC57 /* libbz2.tbd */,
			);
			name = Frameworks;
			sourceTree = "<group>";
		};
		D6DD68DD1F4015A900A1B22B /* limit_mem_diff */ = {
			isa = PBXGroup;
			children = (
				D6DD68DE1F4015A900A1B22B /* digest_matcher.cpp */,
				D6DD68DF1F4015A900A1B22B /* digest_matcher.h */,
				D68CD8F01F4426B100A61337 /* stream_serialize.cpp */,
				D68CD8F11F4426B100A61337 /* stream_serialize.h */,
				D68CD8EF1F43B11C00A61337 /* covers.h */,
				D6DD68E41F41307900A1B22B /* bloom_filter.h */,
				D6DD68E11F40163200A1B22B /* adler_roll.h */,
				D6DD68E21F40163200A1B22B /* adler_roll.c */,
			);
			path = limit_mem_diff;
			sourceTree = "<group>";
		};
/* End PBXGroup section */

/* Begin PBXNativeTarget section */
		D690AB901F2078A40089DC57 /* HDiffZ */ = {
			isa = PBXNativeTarget;
			buildConfigurationList = D690AB981F2078A40089DC57 /* Build configuration list for PBXNativeTarget "HDiffZ" */;
			buildPhases = (
				D690AB8D1F2078A40089DC57 /* Sources */,
				D690AB8E1F2078A40089DC57 /* Frameworks */,
				D690AB8F1F2078A40089DC57 /* CopyFiles */,
			);
			buildRules = (
			);
			dependencies = (
			);
			name = HDiffZ;
			productName = HDiffZ;
			productReference = D690AB911F2078A40089DC57 /* HDiffZ */;
			productType = "com.apple.product-type.tool";
		};
/* End PBXNativeTarget section */

/* Begin PBXProject section */
		D690AB891F2078A40089DC57 /* Project object */ = {
			isa = PBXProject;
			attributes = {
				LastUpgradeCheck = 0830;
				ORGANIZATIONNAME = housisong;
				TargetAttributes = {
					D690AB901F2078A40089DC57 = {
						CreatedOnToolsVersion = 8.3.3;
						ProvisioningStyle = Automatic;
					};
				};
			};
			buildConfigurationList = D690AB8C1F2078A40089DC57 /* Build configuration list for PBXProject "HDiffZ" */;
			compatibilityVersion = "Xcode 3.2";
			developmentRegion = English;
			hasScannedForEncodings = 0;
			knownRegions = (
				en,
			);
			mainGroup = D690AB881F2078A40089DC57;
			productRefGroup = D690AB921F2078A40089DC57 /* Products */;
			projectDirPath = "";
			projectRoot = "";
			targets = (
				D690AB901F2078A40089DC57 /* HDiffZ */,
			);
		};
/* End PBXProject section */

/* Begin PBXSourcesBuildPhase section */
		D690AB8D1F2078A40089DC57 /* Sources */ = {
			isa = PBXSourcesBuildPhase;
			buildActionMask = 2147483647;
			files = (
				D6EE505D1F287234002854A2 /* compress_detect.cpp in Sources */,
				D6DD68E01F4015A900A1B22B /* digest_matcher.cpp in Sources */,
				D690ABBC1F2079E80089DC57 /* patch.c in Sources */,
				D690ABB81F2079E80089DC57 /* bytes_rle.cpp in Sources */,
				D690ABBB1F2079E80089DC57 /* suffix_string.cpp in Sources */,
				D690ABB71F2079E80089DC57 /* diff.cpp in Sources */,
				D690ABBA1F2079E80089DC57 /* divsufsort64.c in Sources */,
				D690ABB91F2079E80089DC57 /* divsufsort.c in Sources */,
				D690AB9C1F20792A0089DC57 /* hdiffz.cpp in Sources */,
				D68CD8F21F4426B100A61337 /* stream_serialize.cpp in Sources */,
				D6DD68E31F40163200A1B22B /* adler_roll.c in Sources */,
			);
			runOnlyForDeploymentPostprocessing = 0;
		};
/* End PBXSourcesBuildPhase section */

/* Begin XCBuildConfiguration section */
		D690AB961F2078A40089DC57 /* Debug */ = {
			isa = XCBuildConfiguration;
			buildSettings = {
				ALWAYS_SEARCH_USER_PATHS = NO;
				ARCHS = "$(ARCHS_STANDARD_32_64_BIT)";
				CLANG_ANALYZER_NONNULL = YES;
				CLANG_ANALYZER_NUMBER_OBJECT_CONVERSION = YES_AGGRESSIVE;
				CLANG_CXX_LANGUAGE_STANDARD = "gnu++0x";
				CLANG_CXX_LIBRARY = "libc++";
				CLANG_ENABLE_MODULES = YES;
				CLANG_ENABLE_OBJC_ARC = YES;
				CLANG_WARN_BOOL_CONVERSION = YES;
				CLANG_WARN_CONSTANT_CONVERSION = YES;
				CLANG_WARN_DIRECT_OBJC_ISA_USAGE = YES_ERROR;
				CLANG_WARN_DOCUMENTATION_COMMENTS = NO;
				CLANG_WARN_EMPTY_BODY = YES;
				CLANG_WARN_ENUM_CONVERSION = YES;
				CLANG_WARN_INFINITE_RECURSION = YES;
				CLANG_WARN_INT_CONVERSION = YES;
				CLANG_WARN_OBJC_ROOT_CLASS = YES_ERROR;
				CLANG_WARN_SUSPICIOUS_MOVE = YES;
				CLANG_WARN_UNREACHABLE_CODE = YES;
				CLANG_WARN__DUPLICATE_METHOD_MATCH = YES;
				CODE_SIGN_IDENTITY = "-";
				COPY_PHASE_STRIP = NO;
				DEBUG_INFORMATION_FORMAT = dwarf;
				ENABLE_STRICT_OBJC_MSGSEND = YES;
				ENABLE_TESTABILITY = YES;
				GCC_C_LANGUAGE_STANDARD = gnu99;
				GCC_DYNAMIC_NO_PIC = NO;
				GCC_NO_COMMON_BLOCKS = YES;
				GCC_OPTIMIZATION_LEVEL = 0;
				GCC_PREPROCESSOR_DEFINITIONS = (
					"DEBUG=1",
					"$(inherited)",
				);
				GCC_WARN_64_TO_32_BIT_CONVERSION = YES;
				GCC_WARN_ABOUT_RETURN_TYPE = YES_ERROR;
				GCC_WARN_UNDECLARED_SELECTOR = YES;
				GCC_WARN_UNINITIALIZED_AUTOS = YES_AGGRESSIVE;
				GCC_WARN_UNUSED_FUNCTION = YES;
				GCC_WARN_UNUSED_VARIABLE = YES;
				MACOSX_DEPLOYMENT_TARGET = 10.12;
				MTL_ENABLE_DEBUG_INFO = YES;
				ONLY_ACTIVE_ARCH = YES;
				SDKROOT = macosx;
			};
			name = Debug;
		};
		D690AB971F2078A40089DC57 /* Release */ = {
			isa = XCBuildConfiguration;
			buildSettings = {
				ALWAYS_SEARCH_USER_PATHS = NO;
				ARCHS = "$(ARCHS_STANDARD_32_64_BIT)";
				CLANG_ANALYZER_NONNULL = YES;
				CLANG_ANALYZER_NUMBER_OBJECT_CONVERSION = YES_AGGRESSIVE;
				CLANG_CXX_LANGUAGE_STANDARD = "gnu++0x";
				CLANG_CXX_LIBRARY = "libc++";
				CLANG_ENABLE_MODULES = YES;
				CLANG_ENABLE_OBJC_ARC = YES;
				CLANG_WARN_BOOL_CONVERSION = YES;
				CLANG_WARN_CONSTANT_CONVERSION = YES;
				CLANG_WARN_DIRECT_OBJC_ISA_USAGE = YES_ERROR;
				CLANG_WARN_DOCUMENTATION_COMMENTS = NO;
				CLANG_WARN_EMPTY_BODY = YES;
				CLANG_WARN_ENUM_CONVERSION = YES;
				CLANG_WARN_INFINITE_RECURSION = YES;
				CLANG_WARN_INT_CONVERSION = YES;
				CLANG_WARN_OBJC_ROOT_CLASS = YES_ERROR;
				CLANG_WARN_SUSPICIOUS_MOVE = YES;
				CLANG_WARN_UNREACHABLE_CODE = YES;
				CLANG_WARN__DUPLICATE_METHOD_MATCH = YES;
				CODE_SIGN_IDENTITY = "-";
				COPY_PHASE_STRIP = NO;
				DEBUG_INFORMATION_FORMAT = "dwarf-with-dsym";
				ENABLE_NS_ASSERTIONS = NO;
				ENABLE_STRICT_OBJC_MSGSEND = YES;
				GCC_C_LANGUAGE_STANDARD = gnu99;
				GCC_NO_COMMON_BLOCKS = YES;
				GCC_WARN_64_TO_32_BIT_CONVERSION = YES;
				GCC_WARN_ABOUT_RETURN_TYPE = YES_ERROR;
				GCC_WARN_UNDECLARED_SELECTOR = YES;
				GCC_WARN_UNINITIALIZED_AUTOS = YES_AGGRESSIVE;
				GCC_WARN_UNUSED_FUNCTION = YES;
				GCC_WARN_UNUSED_VARIABLE = YES;
				MACOSX_DEPLOYMENT_TARGET = 10.12;
				MTL_ENABLE_DEBUG_INFO = NO;
				SDKROOT = macosx;
			};
			name = Release;
		};
		D690AB991F2078A40089DC57 /* Debug */ = {
			isa = XCBuildConfiguration;
			buildSettings = {
				PRODUCT_NAME = "$(TARGET_NAME)";
			};
			name = Debug;
		};
		D690AB9A1F2078A40089DC57 /* Release */ = {
			isa = XCBuildConfiguration;
			buildSettings = {
				PRODUCT_NAME = "$(TARGET_NAME)";
			};
			name = Release;
		};
/* End XCBuildConfiguration section */

/* Begin XCConfigurationList section */
		D690AB8C1F2078A40089DC57 /* Build configuration list for PBXProject "HDiffZ" */ = {
			isa = XCConfigurationList;
			buildConfigurations = (
				D690AB961F2078A40089DC57 /* Debug */,
				D690AB971F2078A40089DC57 /* Release */,
			);
			defaultConfigurationIsVisible = 0;
			defaultConfigurationName = Release;
		};
		D690AB981F2078A40089DC57 /* Build configuration list for PBXNativeTarget "HDiffZ" */ = {
			isa = XCConfigurationList;
			buildConfigurations = (
				D690AB991F2078A40089DC57 /* Debug */,
				D690AB9A1F2078A40089DC57 /* Release */,
			);
			defaultConfigurationIsVisible = 0;
			defaultConfigurationName = Release;
		};
/* End XCConfigurationList section */
	};
	rootObject = D690AB891F2078A40089DC57 /* Project object */;
}
