<?xml version="1.0" encoding="UTF-8" standalone="yes" ?>
<CodeBlocks_project_file>
	<FileVersion major="1" minor="6" />
	<Project>
		<Option title="hdiffz" />
		<Option pch_mode="2" />
		<Option compiler="gcc" />
		<Build>
			<Target title="Debug">
				<Option output="bin/Debug/hdiffz" prefix_auto="1" extension_auto="1" />
				<Option object_output="obj/Debug/" />
				<Option type="1" />
				<Option compiler="gcc" />
				<Compiler>
					<Add option="-g" />
				</Compiler>
			</Target>
			<Target title="Release">
				<Option output="bin/Release/hdiffz" prefix_auto="1" extension_auto="1" />
				<Option object_output="obj/Release/" />
				<Option type="1" />
				<Option compiler="gcc" />
				<Compiler>
					<Add option="-O3" />
					<Add option="-Wno-error=format-security" />
					<Add option="-fvisibility=hidden -fvisibility-inlines-hidden" />
					<Add option="-ffunction-sections -fdata-sections" />
					<Add option="-ffat-lto-objects -flto" />
					<Add option="-DNDEBUG" />
				</Compiler>
				<Linker>
					<Add option="-s" />
					<Add option="-Wl,--gc-sections,--as-needed" />
				</Linker>
			</Target>
			<Target title="Release_x86">
				<Option output="bin/Release_x86/hdiffz" prefix_auto="1" extension_auto="1" />
				<Option object_output="obj/Release_x86/" />
				<Option type="1" />
				<Option compiler="gcc" />
				<Compiler>
					<Add option="-march=i586" />
					<Add option="-O3" />
					<Add option="-m32" />
					<Add option="-Wno-error=format-security" />
					<Add option="-fvisibility=hidden -fvisibility-inlines-hidden" />
					<Add option="-ffunction-sections -fdata-sections" />
					<Add option="-ffat-lto-objects -flto" />
					<Add option="-DNDEBUG" />
				</Compiler>
				<Linker>
					<Add option="-s" />
					<Add option="-m32" />
					<Add option="-Wl,--gc-sections,--as-needed" />
				</Linker>
			</Target>
		</Build>
		<Compiler>
			<Add option="-Wall" />
			<Add option="-fexceptions" />
			<Add option="-D_LARGEFILE_SOURCE" />
			<Add option="-D_FILE_OFFSET_BITS=64" />
			<Add option="-D_IS_USED_CPP11THREAD=1" />
			<Add option="-D_ChecksumPlugin_md5" />
			<Add option="-DZSTD_MULTITHREAD=1" />
			<Add option="-DZSTD_HAVE_WEAK_SYMBOLS=0" />
			<Add option="-DZSTD_TRACE=0" />
			<Add option="-DZSTD_DISABLE_ASM=1" />
			<Add option="-DZSTDLIB_VISIBLE=" />
			<Add option="-DZSTDLIB_HIDDEN=" />
			<Add directory="../../../lzma/C/" />
			<Add directory="../../../zstd/lib" />
			<Add directory="../../../libmd5" />
			<Add directory="../../../libdeflate" />
			<Add directory="../../../zlib" />
		</Compiler>
		<Linker>
			<Add library="pthread" />
		</Linker>
		<Unit filename="../../../bzip2/blocksort.c">
			<Option compilerVar="CC" />
		</Unit>
		<Unit filename="../../../bzip2/bzlib.c">
			<Option compilerVar="CC" />
		</Unit>
		<Unit filename="../../../bzip2/bzlib.h" />
		<Unit filename="../../../bzip2/compress.c">
			<Option compilerVar="CC" />
		</Unit>
		<Unit filename="../../../bzip2/crctable.c">
			<Option compilerVar="CC" />
		</Unit>
		<Unit filename="../../../bzip2/decompress.c">
			<Option compilerVar="CC" />
		</Unit>
		<Unit filename="../../../bzip2/huffman.c">
			<Option compilerVar="CC" />
		</Unit>
		<Unit filename="../../../bzip2/randtable.c">
			<Option compilerVar="CC" />
		</Unit>
		<Unit filename="../../../libdeflate/lib/deflate_compress.c">
			<Option compilerVar="CC" />
		</Unit>
		<Unit filename="../../../libdeflate/lib/deflate_decompress.c">
			<Option compilerVar="CC" />
		</Unit>
		<Unit filename="../../../libdeflate/lib/utils.c">
			<Option compilerVar="CC" />
		</Unit>
		<Unit filename="../../../libdeflate/lib/x86/cpu_features.c">
			<Option compilerVar="CC" />
		</Unit>
		<Unit filename="../../../libmd5/md5.c">
			<Option compilerVar="CC" />
		</Unit>
		<Unit filename="../../../libmd5/md5.h" />
		<Unit filename="../../../lzma/C/7zCrc.c">
			<Option compilerVar="CC" />
		</Unit>
		<Unit filename="../../../lzma/C/7zCrcOpt.c">
			<Option compilerVar="CC" />
		</Unit>
		<Unit filename="../../../lzma/C/7zStream.c">
			<Option compilerVar="CC" />
		</Unit>
		<Unit filename="../../../lzma/C/Alloc.c">
			<Option compilerVar="CC" />
		</Unit>
		<Unit filename="../../../lzma/C/Bra.c">
			<Option compilerVar="CC" />
		</Unit>
		<Unit filename="../../../lzma/C/Bra86.c">
			<Option compilerVar="CC" />
		</Unit>
		<Unit filename="../../../lzma/C/BraIA64.c">
			<Option compilerVar="CC" />
		</Unit>
		<Unit filename="../../../lzma/C/CpuArch.c">
			<Option compilerVar="CC" />
		</Unit>
		<Unit filename="../../../lzma/C/Delta.c">
			<Option compilerVar="CC" />
		</Unit>
		<Unit filename="../../../lzma/C/LzFind.c">
			<Option compilerVar="CC" />
		</Unit>
		<Unit filename="../../../lzma/C/LzFindMt.c">
			<Option compilerVar="CC" />
		</Unit>
		<Unit filename="../../../lzma/C/LzFindOpt.c">
			<Option compilerVar="CC" />
		</Unit>
		<Unit filename="../../../lzma/C/Lzma2Dec.c">
			<Option compilerVar="CC" />
		</Unit>
		<Unit filename="../../../lzma/C/Lzma2DecMt.c">
			<Option compilerVar="CC" />
		</Unit>
		<Unit filename="../../../lzma/C/Lzma2Enc.c">
			<Option compilerVar="CC" />
		</Unit>
		<Unit filename="../../../lzma/C/LzmaDec.c">
			<Option compilerVar="CC" />
		</Unit>
		<Unit filename="../../../lzma/C/LzmaEnc.c">
			<Option compilerVar="CC" />
		</Unit>
		<Unit filename="../../../lzma/C/MtCoder.c">
			<Option compilerVar="CC" />
		</Unit>
		<Unit filename="../../../lzma/C/MtDec.c">
			<Option compilerVar="CC" />
		</Unit>
		<Unit filename="../../../lzma/C/Sha256.c">
			<Option compilerVar="CC" />
		</Unit>
		<Unit filename="../../../lzma/C/Threads.c">
			<Option compilerVar="CC" />
		</Unit>
		<Unit filename="../../../lzma/C/Xz.c">
			<Option compilerVar="CC" />
		</Unit>
		<Unit filename="../../../lzma/C/XzCrc64.c">
			<Option compilerVar="CC" />
		</Unit>
		<Unit filename="../../../lzma/C/XzCrc64Opt.c">
			<Option compilerVar="CC" />
		</Unit>
		<Unit filename="../../../lzma/C/XzDec.c">
			<Option compilerVar="CC" />
		</Unit>
		<Unit filename="../../../lzma/C/XzEnc.c">
			<Option compilerVar="CC" />
		</Unit>
		<Unit filename="../../../zlib/adler32.c">
			<Option compilerVar="CC" />
		</Unit>
		<Unit filename="../../../zlib/crc32.c">
			<Option compilerVar="CC" />
		</Unit>
		<Unit filename="../../../zlib/deflate.c">
			<Option compilerVar="CC" />
		</Unit>
		<Unit filename="../../../zlib/inffast.c">
			<Option compilerVar="CC" />
		</Unit>
		<Unit filename="../../../zlib/inflate.c">
			<Option compilerVar="CC" />
		</Unit>
		<Unit filename="../../../zlib/inftrees.c">
			<Option compilerVar="CC" />
		</Unit>
		<Unit filename="../../../zlib/trees.c">
			<Option compilerVar="CC" />
		</Unit>
		<Unit filename="../../../zlib/zlib.h" />
		<Unit filename="../../../zlib/zutil.c">
			<Option compilerVar="CC" />
		</Unit>
		<Unit filename="../../../zstd/lib/common/bitstream.h" />
		<Unit filename="../../../zstd/lib/common/compiler.h" />
		<Unit filename="../../../zstd/lib/common/cpu.h" />
		<Unit filename="../../../zstd/lib/common/debug.c">
			<Option compilerVar="CC" />
		</Unit>
		<Unit filename="../../../zstd/lib/common/debug.h" />
		<Unit filename="../../../zstd/lib/common/entropy_common.c">
			<Option compilerVar="CC" />
		</Unit>
		<Unit filename="../../../zstd/lib/common/error_private.c">
			<Option compilerVar="CC" />
		</Unit>
		<Unit filename="../../../zstd/lib/common/error_private.h" />
		<Unit filename="../../../zstd/lib/common/fse.h" />
		<Unit filename="../../../zstd/lib/common/fse_decompress.c">
			<Option compilerVar="CC" />
		</Unit>
		<Unit filename="../../../zstd/lib/common/huf.h" />
		<Unit filename="../../../zstd/lib/common/mem.h" />
		<Unit filename="../../../zstd/lib/common/pool.c">
			<Option compilerVar="CC" />
		</Unit>
		<Unit filename="../../../zstd/lib/common/pool.h" />
		<Unit filename="../../../zstd/lib/common/threading.c">
			<Option compilerVar="CC" />
		</Unit>
		<Unit filename="../../../zstd/lib/common/threading.h" />
		<Unit filename="../../../zstd/lib/common/xxhash.c">
			<Option compilerVar="CC" />
		</Unit>
		<Unit filename="../../../zstd/lib/common/xxhash.h" />
		<Unit filename="../../../zstd/lib/common/zstd_common.c">
			<Option compilerVar="CC" />
		</Unit>
		<Unit filename="../../../zstd/lib/common/zstd_deps.h" />
		<Unit filename="../../../zstd/lib/common/zstd_internal.h" />
		<Unit filename="../../../zstd/lib/common/zstd_trace.h" />
		<Unit filename="../../../zstd/lib/compress/fse_compress.c">
			<Option compilerVar="CC" />
		</Unit>
		<Unit filename="../../../zstd/lib/compress/hist.c">
			<Option compilerVar="CC" />
		</Unit>
		<Unit filename="../../../zstd/lib/compress/hist.h" />
		<Unit filename="../../../zstd/lib/compress/huf_compress.c">
			<Option compilerVar="CC" />
		</Unit>
		<Unit filename="../../../zstd/lib/compress/zstd_compress.c">
			<Option compilerVar="CC" />
		</Unit>
		<Unit filename="../../../zstd/lib/compress/zstd_compress_internal.h" />
		<Unit filename="../../../zstd/lib/compress/zstd_compress_literals.c">
			<Option compilerVar="CC" />
		</Unit>
		<Unit filename="../../../zstd/lib/compress/zstd_compress_literals.h" />
		<Unit filename="../../../zstd/lib/compress/zstd_compress_sequences.c">
			<Option compilerVar="CC" />
		</Unit>
		<Unit filename="../../../zstd/lib/compress/zstd_compress_sequences.h" />
		<Unit filename="../../../zstd/lib/compress/zstd_compress_superblock.c">
			<Option compilerVar="CC" />
		</Unit>
		<Unit filename="../../../zstd/lib/compress/zstd_compress_superblock.h" />
		<Unit filename="../../../zstd/lib/compress/zstd_cwksp.h" />
		<Unit filename="../../../zstd/lib/compress/zstd_double_fast.c">
			<Option compilerVar="CC" />
		</Unit>
		<Unit filename="../../../zstd/lib/compress/zstd_double_fast.h" />
		<Unit filename="../../../zstd/lib/compress/zstd_fast.c">
			<Option compilerVar="CC" />
		</Unit>
		<Unit filename="../../../zstd/lib/compress/zstd_fast.h" />
		<Unit filename="../../../zstd/lib/compress/zstd_lazy.c">
			<Option compilerVar="CC" />
		</Unit>
		<Unit filename="../../../zstd/lib/compress/zstd_lazy.h" />
		<Unit filename="../../../zstd/lib/compress/zstd_ldm.c">
			<Option compilerVar="CC" />
		</Unit>
		<Unit filename="../../../zstd/lib/compress/zstd_ldm.h" />
		<Unit filename="../../../zstd/lib/compress/zstd_ldm_geartab.h" />
		<Unit filename="../../../zstd/lib/compress/zstd_opt.c">
			<Option compilerVar="CC" />
		</Unit>
		<Unit filename="../../../zstd/lib/compress/zstd_opt.h" />
		<Unit filename="../../../zstd/lib/compress/zstdmt_compress.c">
			<Option compilerVar="CC" />
		</Unit>
		<Unit filename="../../../zstd/lib/compress/zstdmt_compress.h" />
		<Unit filename="../../../zstd/lib/decompress/huf_decompress.c">
			<Option compilerVar="CC" />
		</Unit>
		<Unit filename="../../../zstd/lib/decompress/zstd_ddict.c">
			<Option compilerVar="CC" />
		</Unit>
		<Unit filename="../../../zstd/lib/decompress/zstd_ddict.h" />
		<Unit filename="../../../zstd/lib/decompress/zstd_decompress.c">
			<Option compilerVar="CC" />
		</Unit>
		<Unit filename="../../../zstd/lib/decompress/zstd_decompress_block.c">
			<Option compilerVar="CC" />
		</Unit>
		<Unit filename="../../../zstd/lib/decompress/zstd_decompress_block.h" />
		<Unit filename="../../../zstd/lib/decompress/zstd_decompress_internal.h" />
		<Unit filename="../../bsdiff_wrapper/bsdiff_wrapper.cpp" />
		<Unit filename="../../bsdiff_wrapper/bspatch_wrapper.c">
			<Option compilerVar="CC" />
		</Unit>
		<Unit filename="../../compress_parallel.cpp" />
		<Unit filename="../../compress_parallel.h" />
		<Unit filename="../../dirDiffPatch/dir_diff/dir_diff.cpp" />
		<Unit filename="../../dirDiffPatch/dir_diff/dir_diff.h" />
		<Unit filename="../../dirDiffPatch/dir_diff/dir_diff_tools.cpp" />
		<Unit filename="../../dirDiffPatch/dir_diff/dir_manifest.cpp" />
		<Unit filename="../../dirDiffPatch/dir_patch/dir_patch.c">
			<Option compilerVar="CC" />
		</Unit>
		<Unit filename="../../dirDiffPatch/dir_patch/dir_patch.h" />
		<Unit filename="../../dirDiffPatch/dir_patch/dir_patch_tools.c">
			<Option compilerVar="CC" />
		</Unit>
		<Unit filename="../../dirDiffPatch/dir_patch/new_dir_output.c">
			<Option compilerVar="CC" />
		</Unit>
		<Unit filename="../../dirDiffPatch/dir_patch/new_stream.c">
			<Option compilerVar="CC" />
		</Unit>
		<Unit filename="../../dirDiffPatch/dir_patch/new_stream.h" />
		<Unit filename="../../dirDiffPatch/dir_patch/ref_stream.c">
			<Option compilerVar="CC" />
		</Unit>
		<Unit filename="../../dirDiffPatch/dir_patch/ref_stream.h" />
		<Unit filename="../../dirDiffPatch/dir_patch/res_handle_limit.c">
			<Option compilerVar="CC" />
		</Unit>
		<Unit filename="../../dirDiffPatch/dir_patch/res_handle_limit.h" />
		<Unit filename="../../dirDiffPatch/file_for_dirDiff.h" />
		<Unit filename="../../dirDiffPatch/file_for_dirPatch.h" />
		<Unit filename="../../file_for_patch.c">
			<Option compilerVar="CC" />
		</Unit>
		<Unit filename="../../hdiffz.cpp" />
		<Unit filename="../../hdiffz_import_patch.c">
			<Option compilerVar="CC" />
		</Unit>
		<Unit filename="../../libHDiffPatch/HDiff/diff.cpp" />
		<Unit filename="../../libHDiffPatch/HDiff/match_block.cpp" />
		<Unit filename="../../libHDiffPatch/HDiff/private_diff/bytes_rle.cpp" />
		<Unit filename="../../libHDiffPatch/HDiff/private_diff/compress_detect.cpp" />
		<Unit filename="../../libHDiffPatch/HDiff/private_diff/libdivsufsort/divsufsort.cpp" />
		<Unit filename="../../libHDiffPatch/HDiff/private_diff/libdivsufsort/divsufsort64.cpp" />
		<Unit filename="../../libHDiffPatch/HDiff/private_diff/limit_mem_diff/adler_roll.c">
			<Option compilerVar="CC" />
		</Unit>
		<Unit filename="../../libHDiffPatch/HDiff/private_diff/limit_mem_diff/digest_matcher.cpp" />
		<Unit filename="../../libHDiffPatch/HDiff/private_diff/limit_mem_diff/stream_serialize.cpp" />
		<Unit filename="../../libHDiffPatch/HDiff/private_diff/suffix_string.cpp" />
		<Unit filename="../../libHDiffPatch/HPatch/patch.c">
			<Option compilerVar="CC" />
		</Unit>
		<Unit filename="../../libHDiffPatch/HPatchLite/hpatch_lite.c">
			<Option compilerVar="CC" />
		</Unit>
		<Unit filename="../../libParallel/parallel_channel.cpp" />
		<Unit filename="../../libParallel/parallel_channel.h" />
		<Unit filename="../../libParallel/parallel_import.cpp" />
		<Unit filename="../../libParallel/parallel_import.h" />
		<Unit filename="../../vcdiff_wrapper/vcdiff_wrapper.cpp" />
		<Unit filename="../../vcdiff_wrapper/vcpatch_wrapper.c">
			<Option compilerVar="CC" />
		</Unit>
		<Extensions>
			<envvars />
			<code_completion />
			<lib_finder disable_auto="1" />
			<debugger />
		</Extensions>
	</Project>
</CodeBlocks_project_file>
