<?xml version="1.0" encoding="UTF-8" standalone="yes" ?>
<CodeBlocks_project_file>
	<FileVersion major="1" minor="6" />
	<Project>
		<Option title="unitTest" />
		<Option pch_mode="2" />
		<Option compiler="gcc" />
		<Build>
			<Target title="Debug">
				<Option output="bin/Debug/unitTest" prefix_auto="1" extension_auto="1" />
				<Option object_output="obj/Debug/" />
				<Option type="1" />
				<Option compiler="gcc" />
				<Compiler>
					<Add option="-g" />
				</Compiler>
			</Target>
			<Target title="Release">
				<Option output="bin/Release/unitTest" prefix_auto="1" extension_auto="1" />
				<Option object_output="obj/Release/" />
				<Option type="1" />
				<Option compiler="gcc" />
				<Compiler>
					<Add option="-O2" />
				</Compiler>
				<Linker>
					<Add option="-s" />
				</Linker>
			</Target>
		</Build>
		<Compiler>
			<Add option="-Wall" />
			<Add option="-fexceptions" />
			<Add option="-D_IS_NEED_DIR_DIFF_PATCH=0" />
		</Compiler>
		<Linker>
			<Add library="libz" />
			<Add library="libbz2" />
			<Add library="libpthread" />
		</Linker>
		<Unit filename="../../dirDiffPatch/dir_diff/dir_diff_tools.cpp" />
		<Unit filename="../../file_for_patch.c">
			<Option compilerVar="CC" />
		</Unit>
		<Unit filename="../../libHDiffPatch/HDiff/diff.cpp" />
		<Unit filename="../../libHDiffPatch/HDiff/private_diff/bytes_rle.cpp" />
		<Unit filename="../../libHDiffPatch/HDiff/private_diff/compress_detect.cpp" />
		<Unit filename="../../libHDiffPatch/HDiff/private_diff/libdivsufsort/divsufsort.cpp" />
		<Unit filename="../../libHDiffPatch/HDiff/private_diff/libdivsufsort/divsufsort64.cpp" />
		<Unit filename="../../libHDiffPatch/HDiff/private_diff/limit_mem_diff/adler_roll.c">
			<Option compilerVar="CC" />
		</Unit>
		<Unit filename="../../libHDiffPatch/HDiff/private_diff/limit_mem_diff/digest_matcher.cpp" />
		<Unit filename="../../libHDiffPatch/HDiff/private_diff/limit_mem_diff/stream_serialize.cpp" />
		<Unit filename="../../libHDiffPatch/HDiff/private_diff/suffix_string.cpp" />
		<Unit filename="../../libHDiffPatch/HPatch/patch.c">
			<Option compilerVar="CC" />
		</Unit>
		<Unit filename="../../libHDiffPatch/HPatchLite/hpatch_lite.c">
			<Option compilerVar="CC" />
		</Unit>
		<Unit filename="../../libParallel/parallel_channel.cpp" />
		<Unit filename="../../libParallel/parallel_import.cpp" />
		<Unit filename="../../libhsync/sync_client/match_in_old.cpp" />
		<Unit filename="../../libhsync/sync_client/sync_client.cpp" />
		<Unit filename="../../libhsync/sync_client/sync_diff_data.cpp" />
		<Unit filename="../../libhsync/sync_client/sync_info_client.cpp" />
		<Unit filename="../../libhsync/sync_make/match_in_new.cpp" />
		<Unit filename="../../libhsync/sync_make/sync_info_make.cpp" />
		<Unit filename="../../libhsync/sync_make/sync_make.cpp" />
		<Unit filename="../../test/unit_test.cpp" />
		<Extensions>
			<envvars />
			<code_completion />
			<lib_finder disable_auto="1" />
			<debugger />
		</Extensions>
	</Project>
</CodeBlocks_project_file>
