// !$*UTF8*$!
{
	archiveVersion = 1;
	classes = {
	};
	objectVersion = 55;
	objects = {

/* Begin PBXBuildFile section */
		0D225B692A99D1A200DBD5B1 /* adler_roll.c in Sources */ = {isa = PBXBuildFile; fileRef = 0D225B682A99D1A200DBD5B1 /* adler_roll.c */; };
		0D225B6A2A99D1A200DBD5B1 /* adler_roll.c in Sources */ = {isa = PBXBuildFile; fileRef = 0D225B682A99D1A200DBD5B1 /* adler_roll.c */; };
		0D225B6C2A99D62600DBD5B1 /* Sha256Opt.c in Sources */ = {isa = PBXBuildFile; fileRef = 0D225B6B2A99D62600DBD5B1 /* Sha256Opt.c */; };
		0D225B6D2A99D62600DBD5B1 /* Sha256Opt.c in Sources */ = {isa = PBXBuildFile; fileRef = 0D225B6B2A99D62600DBD5B1 /* Sha256Opt.c */; };
		0D225B6F2A99D6C800DBD5B1 /* Alloc.c in Sources */ = {isa = PBXBuildFile; fileRef = 0D225B6E2A99D6C800DBD5B1 /* Alloc.c */; };
		0D225B702A99D6C800DBD5B1 /* Alloc.c in Sources */ = {isa = PBXBuildFile; fileRef = 0D225B6E2A99D6C800DBD5B1 /* Alloc.c */; };
		0D225B7D2AA1751600DBD5B1 /* bzlib.c in Sources */ = {isa = PBXBuildFile; fileRef = 0D225B762AA1751600DBD5B1 /* bzlib.c */; };
		0D225B7E2AA1751600DBD5B1 /* bzlib.c in Sources */ = {isa = PBXBuildFile; fileRef = 0D225B762AA1751600DBD5B1 /* bzlib.c */; };
		0D225B7F2AA1751600DBD5B1 /* blocksort.c in Sources */ = {isa = PBXBuildFile; fileRef = 0D225B772AA1751600DBD5B1 /* blocksort.c */; };
		0D225B802AA1751600DBD5B1 /* blocksort.c in Sources */ = {isa = PBXBuildFile; fileRef = 0D225B772AA1751600DBD5B1 /* blocksort.c */; };
		0D225B812AA1751600DBD5B1 /* crctable.c in Sources */ = {isa = PBXBuildFile; fileRef = 0D225B782AA1751600DBD5B1 /* crctable.c */; };
		0D225B822AA1751600DBD5B1 /* crctable.c in Sources */ = {isa = PBXBuildFile; fileRef = 0D225B782AA1751600DBD5B1 /* crctable.c */; };
		0D225B832AA1751600DBD5B1 /* randtable.c in Sources */ = {isa = PBXBuildFile; fileRef = 0D225B792AA1751600DBD5B1 /* randtable.c */; };
		0D225B842AA1751600DBD5B1 /* randtable.c in Sources */ = {isa = PBXBuildFile; fileRef = 0D225B792AA1751600DBD5B1 /* randtable.c */; };
		0D225B852AA1751600DBD5B1 /* compress.c in Sources */ = {isa = PBXBuildFile; fileRef = 0D225B7A2AA1751600DBD5B1 /* compress.c */; };
		0D225B862AA1751600DBD5B1 /* compress.c in Sources */ = {isa = PBXBuildFile; fileRef = 0D225B7A2AA1751600DBD5B1 /* compress.c */; };
		0D225B872AA1751600DBD5B1 /* decompress.c in Sources */ = {isa = PBXBuildFile; fileRef = 0D225B7B2AA1751600DBD5B1 /* decompress.c */; };
		0D225B882AA1751600DBD5B1 /* decompress.c in Sources */ = {isa = PBXBuildFile; fileRef = 0D225B7B2AA1751600DBD5B1 /* decompress.c */; };
		0D225B892AA1751600DBD5B1 /* huffman.c in Sources */ = {isa = PBXBuildFile; fileRef = 0D225B7C2AA1751600DBD5B1 /* huffman.c */; };
		0D225B8A2AA1751600DBD5B1 /* huffman.c in Sources */ = {isa = PBXBuildFile; fileRef = 0D225B7C2AA1751600DBD5B1 /* huffman.c */; };
		0D29812D2A984AC300B5F9D9 /* hpatch_objc.m in Sources */ = {isa = PBXBuildFile; fileRef = 0D29812C2A984AC300B5F9D9 /* hpatch_objc.m */; };
		0D29812E2A984AC300B5F9D9 /* hpatch_objc.h in Copy Files */ = {isa = PBXBuildFile; fileRef = 0D29812B2A984AC300B5F9D9 /* hpatch_objc.h */; };
		0D2981372A984B6700B5F9D9 /* hpatch.c in Sources */ = {isa = PBXBuildFile; fileRef = 0D2981352A984B6700B5F9D9 /* hpatch.c */; };
		0D29813A2A984BEA00B5F9D9 /* patch.c in Sources */ = {isa = PBXBuildFile; fileRef = 0D2981392A984BEA00B5F9D9 /* patch.c */; };
		0D29813C2A984C0700B5F9D9 /* bspatch_wrapper.c in Sources */ = {isa = PBXBuildFile; fileRef = 0D29813B2A984C0700B5F9D9 /* bspatch_wrapper.c */; };
		0D29813E2A984C2200B5F9D9 /* vcpatch_wrapper.c in Sources */ = {isa = PBXBuildFile; fileRef = 0D29813D2A984C2200B5F9D9 /* vcpatch_wrapper.c */; };
		0D2981402A984C4600B5F9D9 /* file_for_patch.c in Sources */ = {isa = PBXBuildFile; fileRef = 0D29813F2A984C4600B5F9D9 /* file_for_patch.c */; };
		0D9B71E52A98911400B06C94 /* Bra86.c in Sources */ = {isa = PBXBuildFile; fileRef = 0D9B71DF2A98911400B06C94 /* Bra86.c */; };
		0D9B71E62A98911400B06C94 /* Lzma2Dec.c in Sources */ = {isa = PBXBuildFile; fileRef = 0D9B71E02A98911400B06C94 /* Lzma2Dec.c */; };
		0D9B71E72A98911400B06C94 /* LzmaDec.c in Sources */ = {isa = PBXBuildFile; fileRef = 0D9B71E12A98911400B06C94 /* LzmaDec.c */; };
		0D9B71E82A98911400B06C94 /* 7zCrcOpt.c in Sources */ = {isa = PBXBuildFile; fileRef = 0D9B71E22A98911400B06C94 /* 7zCrcOpt.c */; };
		0D9B71E92A98911400B06C94 /* Bra.c in Sources */ = {isa = PBXBuildFile; fileRef = 0D9B71E32A98911400B06C94 /* Bra.c */; };
		0D9B71EA2A98911400B06C94 /* 7zCrc.c in Sources */ = {isa = PBXBuildFile; fileRef = 0D9B71E42A98911400B06C94 /* 7zCrc.c */; };
		0D9B71F42A98915D00B06C94 /* XzCrc64.c in Sources */ = {isa = PBXBuildFile; fileRef = 0D9B71EB2A98915D00B06C94 /* XzCrc64.c */; };
		0D9B71F52A98915D00B06C94 /* BraIA64.c in Sources */ = {isa = PBXBuildFile; fileRef = 0D9B71EC2A98915D00B06C94 /* BraIA64.c */; };
		0D9B71F62A98915D00B06C94 /* XzCrc64Opt.c in Sources */ = {isa = PBXBuildFile; fileRef = 0D9B71ED2A98915D00B06C94 /* XzCrc64Opt.c */; };
		0D9B71F72A98915D00B06C94 /* Sha256.c in Sources */ = {isa = PBXBuildFile; fileRef = 0D9B71EE2A98915D00B06C94 /* Sha256.c */; };
		0D9B71F92A98915D00B06C94 /* Xz.c in Sources */ = {isa = PBXBuildFile; fileRef = 0D9B71F02A98915D00B06C94 /* Xz.c */; };
		0D9B71FA2A98915D00B06C94 /* XzDec.c in Sources */ = {isa = PBXBuildFile; fileRef = 0D9B71F12A98915D00B06C94 /* XzDec.c */; };
		0D9B71FB2A98915D00B06C94 /* CpuArch.c in Sources */ = {isa = PBXBuildFile; fileRef = 0D9B71F22A98915D00B06C94 /* CpuArch.c */; };
		0D9B71FC2A98915D00B06C94 /* Delta.c in Sources */ = {isa = PBXBuildFile; fileRef = 0D9B71F32A98915D00B06C94 /* Delta.c */; };
		0D9B71FD2A98936200B06C94 /* hpatch.h in Copy Files */ = {isa = PBXBuildFile; fileRef = 0D2981362A984B6700B5F9D9 /* hpatch.h */; };
		0D9B72072A9897DA00B06C94 /* entropy_common.c in Sources */ = {isa = PBXBuildFile; fileRef = 0D9B72012A9897DA00B06C94 /* entropy_common.c */; };
		0D9B72082A9897DA00B06C94 /* fse_decompress.c in Sources */ = {isa = PBXBuildFile; fileRef = 0D9B72022A9897DA00B06C94 /* fse_decompress.c */; };
		0D9B72092A9897DA00B06C94 /* error_private.c in Sources */ = {isa = PBXBuildFile; fileRef = 0D9B72032A9897DA00B06C94 /* error_private.c */; };
		0D9B720A2A9897DA00B06C94 /* xxhash.c in Sources */ = {isa = PBXBuildFile; fileRef = 0D9B72042A9897DA00B06C94 /* xxhash.c */; };
		0D9B720B2A9897DA00B06C94 /* zstd_common.c in Sources */ = {isa = PBXBuildFile; fileRef = 0D9B72052A9897DA00B06C94 /* zstd_common.c */; };
		0D9B720C2A9897DA00B06C94 /* debug.c in Sources */ = {isa = PBXBuildFile; fileRef = 0D9B72062A9897DA00B06C94 /* debug.c */; };
		0D9B72112A9897FF00B06C94 /* zstd_decompress.c in Sources */ = {isa = PBXBuildFile; fileRef = 0D9B720D2A9897FF00B06C94 /* zstd_decompress.c */; };
		0D9B72122A9897FF00B06C94 /* zstd_ddict.c in Sources */ = {isa = PBXBuildFile; fileRef = 0D9B720E2A9897FF00B06C94 /* zstd_ddict.c */; };
		0D9B72132A9897FF00B06C94 /* huf_decompress.c in Sources */ = {isa = PBXBuildFile; fileRef = 0D9B720F2A9897FF00B06C94 /* huf_decompress.c */; };
		0D9B72142A9897FF00B06C94 /* zstd_decompress_block.c in Sources */ = {isa = PBXBuildFile; fileRef = 0D9B72102A9897FF00B06C94 /* zstd_decompress_block.c */; };
		0D9B72462A98D17B00B06C94 /* Bra.c in Sources */ = {isa = PBXBuildFile; fileRef = 0D9B71E32A98911400B06C94 /* Bra.c */; };
		0D9B72472A98D17B00B06C94 /* zstd_ddict.c in Sources */ = {isa = PBXBuildFile; fileRef = 0D9B720E2A9897FF00B06C94 /* zstd_ddict.c */; };
		0D9B72482A98D17B00B06C94 /* debug.c in Sources */ = {isa = PBXBuildFile; fileRef = 0D9B72062A9897DA00B06C94 /* debug.c */; };
		0D9B72492A98D17B00B06C94 /* file_for_patch.c in Sources */ = {isa = PBXBuildFile; fileRef = 0D29813F2A984C4600B5F9D9 /* file_for_patch.c */; };
		0D9B724A2A98D17B00B06C94 /* error_private.c in Sources */ = {isa = PBXBuildFile; fileRef = 0D9B72032A9897DA00B06C94 /* error_private.c */; };
		0D9B724B2A98D17B00B06C94 /* Sha256.c in Sources */ = {isa = PBXBuildFile; fileRef = 0D9B71EE2A98915D00B06C94 /* Sha256.c */; };
		0D9B724C2A98D17B00B06C94 /* Xz.c in Sources */ = {isa = PBXBuildFile; fileRef = 0D9B71F02A98915D00B06C94 /* Xz.c */; };
		0D9B724D2A98D17B00B06C94 /* huf_decompress.c in Sources */ = {isa = PBXBuildFile; fileRef = 0D9B720F2A9897FF00B06C94 /* huf_decompress.c */; };
		0D9B724E2A98D17B00B06C94 /* CpuArch.c in Sources */ = {isa = PBXBuildFile; fileRef = 0D9B71F22A98915D00B06C94 /* CpuArch.c */; };
		0D9B724F2A98D17B00B06C94 /* XzDec.c in Sources */ = {isa = PBXBuildFile; fileRef = 0D9B71F12A98915D00B06C94 /* XzDec.c */; };
		0D9B72502A98D17B00B06C94 /* patch.c in Sources */ = {isa = PBXBuildFile; fileRef = 0D2981392A984BEA00B5F9D9 /* patch.c */; };
		0D9B72512A98D17B00B06C94 /* zstd_decompress_block.c in Sources */ = {isa = PBXBuildFile; fileRef = 0D9B72102A9897FF00B06C94 /* zstd_decompress_block.c */; };
		0D9B72522A98D17B00B06C94 /* LzmaDec.c in Sources */ = {isa = PBXBuildFile; fileRef = 0D9B71E12A98911400B06C94 /* LzmaDec.c */; };
		0D9B72532A98D17B00B06C94 /* hpatch_objc.m in Sources */ = {isa = PBXBuildFile; fileRef = 0D29812C2A984AC300B5F9D9 /* hpatch_objc.m */; };
		0D9B72542A98D17B00B06C94 /* hpatch.c in Sources */ = {isa = PBXBuildFile; fileRef = 0D2981352A984B6700B5F9D9 /* hpatch.c */; };
		0D9B72552A98D17B00B06C94 /* Bra86.c in Sources */ = {isa = PBXBuildFile; fileRef = 0D9B71DF2A98911400B06C94 /* Bra86.c */; };
		0D9B72562A98D17B00B06C94 /* Lzma2Dec.c in Sources */ = {isa = PBXBuildFile; fileRef = 0D9B71E02A98911400B06C94 /* Lzma2Dec.c */; };
		0D9B72572A98D17B00B06C94 /* xxhash.c in Sources */ = {isa = PBXBuildFile; fileRef = 0D9B72042A9897DA00B06C94 /* xxhash.c */; };
		0D9B72582A98D17B00B06C94 /* bspatch_wrapper.c in Sources */ = {isa = PBXBuildFile; fileRef = 0D29813B2A984C0700B5F9D9 /* bspatch_wrapper.c */; };
		0D9B72592A98D17B00B06C94 /* entropy_common.c in Sources */ = {isa = PBXBuildFile; fileRef = 0D9B72012A9897DA00B06C94 /* entropy_common.c */; };
		0D9B725A2A98D17B00B06C94 /* XzCrc64Opt.c in Sources */ = {isa = PBXBuildFile; fileRef = 0D9B71ED2A98915D00B06C94 /* XzCrc64Opt.c */; };
		0D9B725B2A98D17B00B06C94 /* Delta.c in Sources */ = {isa = PBXBuildFile; fileRef = 0D9B71F32A98915D00B06C94 /* Delta.c */; };
		0D9B725C2A98D17B00B06C94 /* 7zCrc.c in Sources */ = {isa = PBXBuildFile; fileRef = 0D9B71E42A98911400B06C94 /* 7zCrc.c */; };
		0D9B725D2A98D17B00B06C94 /* vcpatch_wrapper.c in Sources */ = {isa = PBXBuildFile; fileRef = 0D29813D2A984C2200B5F9D9 /* vcpatch_wrapper.c */; };
		0D9B725E2A98D17B00B06C94 /* XzCrc64.c in Sources */ = {isa = PBXBuildFile; fileRef = 0D9B71EB2A98915D00B06C94 /* XzCrc64.c */; };
		0D9B725F2A98D17B00B06C94 /* fse_decompress.c in Sources */ = {isa = PBXBuildFile; fileRef = 0D9B72022A9897DA00B06C94 /* fse_decompress.c */; };
		0D9B72602A98D17B00B06C94 /* 7zCrcOpt.c in Sources */ = {isa = PBXBuildFile; fileRef = 0D9B71E22A98911400B06C94 /* 7zCrcOpt.c */; };
		0D9B72612A98D17B00B06C94 /* zstd_decompress.c in Sources */ = {isa = PBXBuildFile; fileRef = 0D9B720D2A9897FF00B06C94 /* zstd_decompress.c */; };
		0D9B72622A98D17B00B06C94 /* zstd_common.c in Sources */ = {isa = PBXBuildFile; fileRef = 0D9B72052A9897DA00B06C94 /* zstd_common.c */; };
		0D9B72632A98D17B00B06C94 /* BraIA64.c in Sources */ = {isa = PBXBuildFile; fileRef = 0D9B71EC2A98915D00B06C94 /* BraIA64.c */; };
		0D9B726F2A98D17B00B06C94 /* LzmaDecOpt.S in Sources */ = {isa = PBXBuildFile; fileRef = 0D9B726E2A98D17B00B06C94 /* LzmaDecOpt.S */; };
/* End PBXBuildFile section */

/* Begin PBXCopyFilesBuildPhase section */
		0D2981262A984AC300B5F9D9 /* Copy Files */ = {
			isa = PBXCopyFilesBuildPhase;
			buildActionMask = 2147483647;
			dstPath = "include/$(PRODUCT_NAME)";
			dstSubfolderSpec = 16;
			files = (
				0D9B71FD2A98936200B06C94 /* hpatch.h in Copy Files */,
				0D29812E2A984AC300B5F9D9 /* hpatch_objc.h in Copy Files */,
			);
			name = "Copy Files";
			runOnlyForDeploymentPostprocessing = 0;
		};
		0D9B72672A98D17B00B06C94 /* Copy Files */ = {
			isa = PBXCopyFilesBuildPhase;
			buildActionMask = 2147483647;
			dstPath = "include/$(PRODUCT_NAME)";
			dstSubfolderSpec = 16;
			files = (
			);
			name = "Copy Files";
			runOnlyForDeploymentPostprocessing = 0;
		};
/* End PBXCopyFilesBuildPhase section */

/* Begin PBXFileReference section */
		0D225B682A99D1A200DBD5B1 /* adler_roll.c */ = {isa = PBXFileReference; fileEncoding = 4; lastKnownFileType = sourcecode.c.c; name = adler_roll.c; path = ../../libHDiffPatch/HDiff/private_diff/limit_mem_diff/adler_roll.c; sourceTree = "<group>"; };
		0D225B6B2A99D62600DBD5B1 /* Sha256Opt.c */ = {isa = PBXFileReference; fileEncoding = 4; lastKnownFileType = sourcecode.c.c; name = Sha256Opt.c; path = ../../../lzma/C/Sha256Opt.c; sourceTree = "<group>"; };
		0D225B6E2A99D6C800DBD5B1 /* Alloc.c */ = {isa = PBXFileReference; fileEncoding = 4; lastKnownFileType = sourcecode.c.c; name = Alloc.c; path = ../../../lzma/C/Alloc.c; sourceTree = "<group>"; };
		0D225B762AA1751600DBD5B1 /* bzlib.c */ = {isa = PBXFileReference; fileEncoding = 4; lastKnownFileType = sourcecode.c.c; name = bzlib.c; path = ../../../bzip2/bzlib.c; sourceTree = "<group>"; };
		0D225B772AA1751600DBD5B1 /* blocksort.c */ = {isa = PBXFileReference; fileEncoding = 4; lastKnownFileType = sourcecode.c.c; name = blocksort.c; path = ../../../bzip2/blocksort.c; sourceTree = "<group>"; };
		0D225B782AA1751600DBD5B1 /* crctable.c */ = {isa = PBXFileReference; fileEncoding = 4; lastKnownFileType = sourcecode.c.c; name = crctable.c; path = ../../../bzip2/crctable.c; sourceTree = "<group>"; };
		0D225B792AA1751600DBD5B1 /* randtable.c */ = {isa = PBXFileReference; fileEncoding = 4; lastKnownFileType = sourcecode.c.c; name = randtable.c; path = ../../../bzip2/randtable.c; sourceTree = "<group>"; };
		0D225B7A2AA1751600DBD5B1 /* compress.c */ = {isa = PBXFileReference; fileEncoding = 4; lastKnownFileType = sourcecode.c.c; name = compress.c; path = ../../../bzip2/compress.c; sourceTree = "<group>"; };
		0D225B7B2AA1751600DBD5B1 /* decompress.c */ = {isa = PBXFileReference; fileEncoding = 4; lastKnownFileType = sourcecode.c.c; name = decompress.c; path = ../../../bzip2/decompress.c; sourceTree = "<group>"; };
		0D225B7C2AA1751600DBD5B1 /* huffman.c */ = {isa = PBXFileReference; fileEncoding = 4; lastKnownFileType = sourcecode.c.c; name = huffman.c; path = ../../../bzip2/huffman.c; sourceTree = "<group>"; };
		0D2981282A984AC300B5F9D9 /* libhpatchz.a */ = {isa = PBXFileReference; explicitFileType = archive.ar; includeInIndex = 0; path = libhpatchz.a; sourceTree = BUILT_PRODUCTS_DIR; };
		0D29812B2A984AC300B5F9D9 /* hpatch_objc.h */ = {isa = PBXFileReference; lastKnownFileType = sourcecode.c.h; path = hpatch_objc.h; sourceTree = "<group>"; };
		0D29812C2A984AC300B5F9D9 /* hpatch_objc.m */ = {isa = PBXFileReference; lastKnownFileType = sourcecode.c.objc; path = hpatch_objc.m; sourceTree = "<group>"; };
		0D2981352A984B6700B5F9D9 /* hpatch.c */ = {isa = PBXFileReference; fileEncoding = 4; lastKnownFileType = sourcecode.c.c; name = hpatch.c; path = ../android_ndk_jni_mk/hpatch.c; sourceTree = "<group>"; };
		0D2981362A984B6700B5F9D9 /* hpatch.h */ = {isa = PBXFileReference; fileEncoding = 4; lastKnownFileType = sourcecode.c.h; name = hpatch.h; path = ../android_ndk_jni_mk/hpatch.h; sourceTree = "<group>"; };
		0D2981392A984BEA00B5F9D9 /* patch.c */ = {isa = PBXFileReference; fileEncoding = 4; lastKnownFileType = sourcecode.c.c; name = patch.c; path = ../../libHDiffPatch/HPatch/patch.c; sourceTree = "<group>"; };
		0D29813B2A984C0700B5F9D9 /* bspatch_wrapper.c */ = {isa = PBXFileReference; fileEncoding = 4; lastKnownFileType = sourcecode.c.c; name = bspatch_wrapper.c; path = ../../bsdiff_wrapper/bspatch_wrapper.c; sourceTree = "<group>"; };
		0D29813D2A984C2200B5F9D9 /* vcpatch_wrapper.c */ = {isa = PBXFileReference; fileEncoding = 4; lastKnownFileType = sourcecode.c.c; name = vcpatch_wrapper.c; path = ../../vcdiff_wrapper/vcpatch_wrapper.c; sourceTree = "<group>"; };
		0D29813F2A984C4600B5F9D9 /* file_for_patch.c */ = {isa = PBXFileReference; fileEncoding = 4; lastKnownFileType = sourcecode.c.c; name = file_for_patch.c; path = ../../file_for_patch.c; sourceTree = "<group>"; };
		0D9B71DF2A98911400B06C94 /* Bra86.c */ = {isa = PBXFileReference; fileEncoding = 4; lastKnownFileType = sourcecode.c.c; name = Bra86.c; path = ../../../lzma/C/Bra86.c; sourceTree = "<group>"; };
		0D9B71E02A98911400B06C94 /* Lzma2Dec.c */ = {isa = PBXFileReference; fileEncoding = 4; lastKnownFileType = sourcecode.c.c; name = Lzma2Dec.c; path = ../../../lzma/C/Lzma2Dec.c; sourceTree = "<group>"; };
		0D9B71E12A98911400B06C94 /* LzmaDec.c */ = {isa = PBXFileReference; fileEncoding = 4; lastKnownFileType = sourcecode.c.c; name = LzmaDec.c; path = ../../../lzma/C/LzmaDec.c; sourceTree = "<group>"; };
		0D9B71E22A98911400B06C94 /* 7zCrcOpt.c */ = {isa = PBXFileReference; fileEncoding = 4; lastKnownFileType = sourcecode.c.c; name = 7zCrcOpt.c; path = ../../../lzma/C/7zCrcOpt.c; sourceTree = "<group>"; };
		0D9B71E32A98911400B06C94 /* Bra.c */ = {isa = PBXFileReference; fileEncoding = 4; lastKnownFileType = sourcecode.c.c; name = Bra.c; path = ../../../lzma/C/Bra.c; sourceTree = "<group>"; };
		0D9B71E42A98911400B06C94 /* 7zCrc.c */ = {isa = PBXFileReference; fileEncoding = 4; lastKnownFileType = sourcecode.c.c; name = 7zCrc.c; path = ../../../lzma/C/7zCrc.c; sourceTree = "<group>"; };
		0D9B71EB2A98915D00B06C94 /* XzCrc64.c */ = {isa = PBXFileReference; fileEncoding = 4; lastKnownFileType = sourcecode.c.c; name = XzCrc64.c; path = ../../../lzma/C/XzCrc64.c; sourceTree = "<group>"; };
		0D9B71EC2A98915D00B06C94 /* BraIA64.c */ = {isa = PBXFileReference; fileEncoding = 4; lastKnownFileType = sourcecode.c.c; name = BraIA64.c; path = ../../../lzma/C/BraIA64.c; sourceTree = "<group>"; };
		0D9B71ED2A98915D00B06C94 /* XzCrc64Opt.c */ = {isa = PBXFileReference; fileEncoding = 4; lastKnownFileType = sourcecode.c.c; name = XzCrc64Opt.c; path = ../../../lzma/C/XzCrc64Opt.c; sourceTree = "<group>"; };
		0D9B71EE2A98915D00B06C94 /* Sha256.c */ = {isa = PBXFileReference; fileEncoding = 4; lastKnownFileType = sourcecode.c.c; name = Sha256.c; path = ../../../lzma/C/Sha256.c; sourceTree = "<group>"; };
		0D9B71F02A98915D00B06C94 /* Xz.c */ = {isa = PBXFileReference; fileEncoding = 4; lastKnownFileType = sourcecode.c.c; name = Xz.c; path = ../../../lzma/C/Xz.c; sourceTree = "<group>"; };
		0D9B71F12A98915D00B06C94 /* XzDec.c */ = {isa = PBXFileReference; fileEncoding = 4; lastKnownFileType = sourcecode.c.c; name = XzDec.c; path = ../../../lzma/C/XzDec.c; sourceTree = "<group>"; };
		0D9B71F22A98915D00B06C94 /* CpuArch.c */ = {isa = PBXFileReference; fileEncoding = 4; lastKnownFileType = sourcecode.c.c; name = CpuArch.c; path = ../../../lzma/C/CpuArch.c; sourceTree = "<group>"; };
		0D9B71F32A98915D00B06C94 /* Delta.c */ = {isa = PBXFileReference; fileEncoding = 4; lastKnownFileType = sourcecode.c.c; name = Delta.c; path = ../../../lzma/C/Delta.c; sourceTree = "<group>"; };
		0D9B72012A9897DA00B06C94 /* entropy_common.c */ = {isa = PBXFileReference; fileEncoding = 4; lastKnownFileType = sourcecode.c.c; name = entropy_common.c; path = ../../../zstd/lib/common/entropy_common.c; sourceTree = "<group>"; };
		0D9B72022A9897DA00B06C94 /* fse_decompress.c */ = {isa = PBXFileReference; fileEncoding = 4; lastKnownFileType = sourcecode.c.c; name = fse_decompress.c; path = ../../../zstd/lib/common/fse_decompress.c; sourceTree = "<group>"; };
		0D9B72032A9897DA00B06C94 /* error_private.c */ = {isa = PBXFileReference; fileEncoding = 4; lastKnownFileType = sourcecode.c.c; name = error_private.c; path = ../../../zstd/lib/common/error_private.c; sourceTree = "<group>"; };
		0D9B72042A9897DA00B06C94 /* xxhash.c */ = {isa = PBXFileReference; fileEncoding = 4; lastKnownFileType = sourcecode.c.c; name = xxhash.c; path = ../../../zstd/lib/common/xxhash.c; sourceTree = "<group>"; };
		0D9B72052A9897DA00B06C94 /* zstd_common.c */ = {isa = PBXFileReference; fileEncoding = 4; lastKnownFileType = sourcecode.c.c; name = zstd_common.c; path = ../../../zstd/lib/common/zstd_common.c; sourceTree = "<group>"; };
		0D9B72062A9897DA00B06C94 /* debug.c */ = {isa = PBXFileReference; fileEncoding = 4; lastKnownFileType = sourcecode.c.c; name = debug.c; path = ../../../zstd/lib/common/debug.c; sourceTree = "<group>"; };
		0D9B720D2A9897FF00B06C94 /* zstd_decompress.c */ = {isa = PBXFileReference; fileEncoding = 4; lastKnownFileType = sourcecode.c.c; name = zstd_decompress.c; path = ../../../zstd/lib/decompress/zstd_decompress.c; sourceTree = "<group>"; };
		0D9B720E2A9897FF00B06C94 /* zstd_ddict.c */ = {isa = PBXFileReference; fileEncoding = 4; lastKnownFileType = sourcecode.c.c; name = zstd_ddict.c; path = ../../../zstd/lib/decompress/zstd_ddict.c; sourceTree = "<group>"; };
		0D9B720F2A9897FF00B06C94 /* huf_decompress.c */ = {isa = PBXFileReference; fileEncoding = 4; lastKnownFileType = sourcecode.c.c; name = huf_decompress.c; path = ../../../zstd/lib/decompress/huf_decompress.c; sourceTree = "<group>"; };
		0D9B72102A9897FF00B06C94 /* zstd_decompress_block.c */ = {isa = PBXFileReference; fileEncoding = 4; lastKnownFileType = sourcecode.c.c; name = zstd_decompress_block.c; path = ../../../zstd/lib/decompress/zstd_decompress_block.c; sourceTree = "<group>"; };
		0D9B726D2A98D17B00B06C94 /* libhpatchz_arm64.a */ = {isa = PBXFileReference; explicitFileType = archive.ar; includeInIndex = 0; path = libhpatchz_arm64.a; sourceTree = BUILT_PRODUCTS_DIR; };
		0D9B726E2A98D17B00B06C94 /* LzmaDecOpt.S */ = {isa = PBXFileReference; fileEncoding = 4; lastKnownFileType = sourcecode.asm; name = LzmaDecOpt.S; path = ../../../lzma/Asm/arm64/LzmaDecOpt.S; sourceTree = "<group>"; };
/* End PBXFileReference section */

/* Begin PBXFrameworksBuildPhase section */
		0D2981252A984AC300B5F9D9 /* Frameworks */ = {
			isa = PBXFrameworksBuildPhase;
			buildActionMask = 2147483647;
			files = (
			);
			runOnlyForDeploymentPostprocessing = 0;
		};
		0D9B72642A98D17B00B06C94 /* Frameworks */ = {
			isa = PBXFrameworksBuildPhase;
			buildActionMask = 2147483647;
			files = (
			);
			runOnlyForDeploymentPostprocessing = 0;
		};
/* End PBXFrameworksBuildPhase section */

/* Begin PBXGroup section */
		0D225B752AA174DC00DBD5B1 /* bzip2 */ = {
			isa = PBXGroup;
			children = (
				0D225B772AA1751600DBD5B1 /* blocksort.c */,
				0D225B762AA1751600DBD5B1 /* bzlib.c */,
				0D225B7A2AA1751600DBD5B1 /* compress.c */,
				0D225B782AA1751600DBD5B1 /* crctable.c */,
				0D225B7B2AA1751600DBD5B1 /* decompress.c */,
				0D225B7C2AA1751600DBD5B1 /* huffman.c */,
				0D225B792AA1751600DBD5B1 /* randtable.c */,
			);
			name = bzip2;
			sourceTree = "<group>";
		};
		0D29811F2A984AC300B5F9D9 = {
			isa = PBXGroup;
			children = (
				0D29812A2A984AC300B5F9D9 /* hpatch_objc */,
				0D2981342A984B3F00B5F9D9 /* hpatch_c */,
				0D2981382A984BC600B5F9D9 /* libHDiffPatch */,
				0D225B752AA174DC00DBD5B1 /* bzip2 */,
				0D9B71DE2A98903D00B06C94 /* lzma */,
				0D9B72002A98974F00B06C94 /* zstd */,
				0D2981292A984AC300B5F9D9 /* Products */,
				0D9B72152A989CA100B06C94 /* Frameworks */,
			);
			sourceTree = "<group>";
		};
		0D2981292A984AC300B5F9D9 /* Products */ = {
			isa = PBXGroup;
			children = (
				0D2981282A984AC300B5F9D9 /* libhpatchz.a */,
				0D9B726D2A98D17B00B06C94 /* libhpatchz_arm64.a */,
			);
			name = Products;
			sourceTree = "<group>";
		};
		0D29812A2A984AC300B5F9D9 /* hpatch_objc */ = {
			isa = PBXGroup;
			children = (
				0D29812B2A984AC300B5F9D9 /* hpatch_objc.h */,
				0D29812C2A984AC300B5F9D9 /* hpatch_objc.m */,
			);
			path = hpatch_objc;
			sourceTree = "<group>";
		};
		0D2981342A984B3F00B5F9D9 /* hpatch_c */ = {
			isa = PBXGroup;
			children = (
				0D2981352A984B6700B5F9D9 /* hpatch.c */,
				0D2981362A984B6700B5F9D9 /* hpatch.h */,
			);
			name = hpatch_c;
			sourceTree = "<group>";
		};
		0D2981382A984BC600B5F9D9 /* libHDiffPatch */ = {
			isa = PBXGroup;
			children = (
				0D225B682A99D1A200DBD5B1 /* adler_roll.c */,
				0D29813F2A984C4600B5F9D9 /* file_for_patch.c */,
				0D29813D2A984C2200B5F9D9 /* vcpatch_wrapper.c */,
				0D29813B2A984C0700B5F9D9 /* bspatch_wrapper.c */,
				0D2981392A984BEA00B5F9D9 /* patch.c */,
			);
			name = libHDiffPatch;
			sourceTree = "<group>";
		};
		0D9B71DE2A98903D00B06C94 /* lzma */ = {
			isa = PBXGroup;
			children = (
				0D225B6E2A99D6C800DBD5B1 /* Alloc.c */,
				0D9B726E2A98D17B00B06C94 /* LzmaDecOpt.S */,
				0D9B71EC2A98915D00B06C94 /* BraIA64.c */,
				0D9B71F22A98915D00B06C94 /* CpuArch.c */,
				0D9B71F32A98915D00B06C94 /* Delta.c */,
				0D9B71EE2A98915D00B06C94 /* Sha256.c */,
				0D225B6B2A99D62600DBD5B1 /* Sha256Opt.c */,
				0D9B71F02A98915D00B06C94 /* Xz.c */,
				0D9B71EB2A98915D00B06C94 /* XzCrc64.c */,
				0D9B71ED2A98915D00B06C94 /* XzCrc64Opt.c */,
				0D9B71F12A98915D00B06C94 /* XzDec.c */,
				0D9B71E42A98911400B06C94 /* 7zCrc.c */,
				0D9B71E22A98911400B06C94 /* 7zCrcOpt.c */,
				0D9B71E32A98911400B06C94 /* Bra.c */,
				0D9B71DF2A98911400B06C94 /* Bra86.c */,
				0D9B71E02A98911400B06C94 /* Lzma2Dec.c */,
				0D9B71E12A98911400B06C94 /* LzmaDec.c */,
			);
			name = lzma;
			sourceTree = "<group>";
		};
		0D9B72002A98974F00B06C94 /* zstd */ = {
			isa = PBXGroup;
			children = (
				0D9B72062A9897DA00B06C94 /* debug.c */,
				0D9B72012A9897DA00B06C94 /* entropy_common.c */,
				0D9B72032A9897DA00B06C94 /* error_private.c */,
				0D9B72022A9897DA00B06C94 /* fse_decompress.c */,
				0D9B72042A9897DA00B06C94 /* xxhash.c */,
				0D9B72052A9897DA00B06C94 /* zstd_common.c */,
				0D9B720F2A9897FF00B06C94 /* huf_decompress.c */,
				0D9B720E2A9897FF00B06C94 /* zstd_ddict.c */,
				0D9B72102A9897FF00B06C94 /* zstd_decompress_block.c */,
				0D9B720D2A9897FF00B06C94 /* zstd_decompress.c */,
			);
			name = zstd;
			sourceTree = "<group>";
		};
		0D9B72152A989CA100B06C94 /* Frameworks */ = {
			isa = PBXGroup;
			children = (
			);
			name = Frameworks;
			sourceTree = "<group>";
		};
/* End PBXGroup section */

/* Begin PBXNativeTarget section */
		0D2981272A984AC300B5F9D9 /* hpatchz */ = {
			isa = PBXNativeTarget;
			buildConfigurationList = 0D2981312A984AC300B5F9D9 /* Build configuration list for PBXNativeTarget "hpatchz" */;
			buildPhases = (
				0D2981242A984AC300B5F9D9 /* Sources */,
				0D2981252A984AC300B5F9D9 /* Frameworks */,
				0D2981262A984AC300B5F9D9 /* Copy Files */,
			);
			buildRules = (
			);
			dependencies = (
			);
			name = hpatchz;
			productName = hpatchz;
			productReference = 0D2981282A984AC300B5F9D9 /* libhpatchz.a */;
			productType = "com.apple.product-type.library.static";
		};
		0D9B72442A98D17B00B06C94 /* hpatchz_arm64 */ = {
			isa = PBXNativeTarget;
			buildConfigurationList = 0D9B726A2A98D17B00B06C94 /* Build configuration list for PBXNativeTarget "hpatchz_arm64" */;
			buildPhases = (
				0D9B72452A98D17B00B06C94 /* Sources */,
				0D9B72642A98D17B00B06C94 /* Frameworks */,
				0D9B72672A98D17B00B06C94 /* Copy Files */,
			);
			buildRules = (
			);
			dependencies = (
			);
			name = hpatchz_arm64;
			productName = hpatchz;
			productReference = 0D9B726D2A98D17B00B06C94 /* libhpatchz_arm64.a */;
			productType = "com.apple.product-type.library.static";
		};
/* End PBXNativeTarget section */

/* Begin PBXProject section */
		0D2981202A984AC300B5F9D9 /* Project object */ = {
			isa = PBXProject;
			attributes = {
				BuildIndependentTargetsInParallel = 1;
				LastUpgradeCheck = 1310;
				TargetAttributes = {
					0D2981272A984AC300B5F9D9 = {
						CreatedOnToolsVersion = 13.1;
					};
				};
			};
			buildConfigurationList = 0D2981232A984AC300B5F9D9 /* Build configuration list for PBXProject "hpatchz" */;
			compatibilityVersion = "Xcode 13.0";
			developmentRegion = en;
			hasScannedForEncodings = 0;
			knownRegions = (
				en,
				Base,
			);
			mainGroup = 0D29811F2A984AC300B5F9D9;
			productRefGroup = 0D2981292A984AC300B5F9D9 /* Products */;
			projectDirPath = "";
			projectRoot = "";
			targets = (
				0D2981272A984AC300B5F9D9 /* hpatchz */,
				0D9B72442A98D17B00B06C94 /* hpatchz_arm64 */,
			);
		};
/* End PBXProject section */

/* Begin PBXSourcesBuildPhase section */
		0D2981242A984AC300B5F9D9 /* Sources */ = {
			isa = PBXSourcesBuildPhase;
			buildActionMask = 2147483647;
			files = (
				0D9B71E92A98911400B06C94 /* Bra.c in Sources */,
				0D225B832AA1751600DBD5B1 /* randtable.c in Sources */,
				0D9B72122A9897FF00B06C94 /* zstd_ddict.c in Sources */,
				0D9B720C2A9897DA00B06C94 /* debug.c in Sources */,
				0D2981402A984C4600B5F9D9 /* file_for_patch.c in Sources */,
				0D9B72092A9897DA00B06C94 /* error_private.c in Sources */,
				0D9B71F72A98915D00B06C94 /* Sha256.c in Sources */,
				0D9B71F92A98915D00B06C94 /* Xz.c in Sources */,
				0D9B72132A9897FF00B06C94 /* huf_decompress.c in Sources */,
				0D225B6C2A99D62600DBD5B1 /* Sha256Opt.c in Sources */,
				0D225B7D2AA1751600DBD5B1 /* bzlib.c in Sources */,
				0D225B6F2A99D6C800DBD5B1 /* Alloc.c in Sources */,
				0D9B71FB2A98915D00B06C94 /* CpuArch.c in Sources */,
				0D9B71FA2A98915D00B06C94 /* XzDec.c in Sources */,
				0D29813A2A984BEA00B5F9D9 /* patch.c in Sources */,
				0D225B892AA1751600DBD5B1 /* huffman.c in Sources */,
				0D9B72142A9897FF00B06C94 /* zstd_decompress_block.c in Sources */,
				0D9B71E72A98911400B06C94 /* LzmaDec.c in Sources */,
				0D29812D2A984AC300B5F9D9 /* hpatch_objc.m in Sources */,
				0D2981372A984B6700B5F9D9 /* hpatch.c in Sources */,
				0D9B71E52A98911400B06C94 /* Bra86.c in Sources */,
				0D225B692A99D1A200DBD5B1 /* adler_roll.c in Sources */,
				0D9B71E62A98911400B06C94 /* Lzma2Dec.c in Sources */,
				0D9B720A2A9897DA00B06C94 /* xxhash.c in Sources */,
				0D29813C2A984C0700B5F9D9 /* bspatch_wrapper.c in Sources */,
				0D9B72072A9897DA00B06C94 /* entropy_common.c in Sources */,
				0D225B852AA1751600DBD5B1 /* compress.c in Sources */,
				0D9B71F62A98915D00B06C94 /* XzCrc64Opt.c in Sources */,
				0D225B872AA1751600DBD5B1 /* decompress.c in Sources */,
				0D9B71FC2A98915D00B06C94 /* Delta.c in Sources */,
				0D9B71EA2A98911400B06C94 /* 7zCrc.c in Sources */,
				0D225B812AA1751600DBD5B1 /* crctable.c in Sources */,
				0D29813E2A984C2200B5F9D9 /* vcpatch_wrapper.c in Sources */,
				0D9B71F42A98915D00B06C94 /* XzCrc64.c in Sources */,
				0D9B72082A9897DA00B06C94 /* fse_decompress.c in Sources */,
				0D9B71E82A98911400B06C94 /* 7zCrcOpt.c in Sources */,
				0D9B72112A9897FF00B06C94 /* zstd_decompress.c in Sources */,
				0D225B7F2AA1751600DBD5B1 /* blocksort.c in Sources */,
				0D9B720B2A9897DA00B06C94 /* zstd_common.c in Sources */,
				0D9B71F52A98915D00B06C94 /* BraIA64.c in Sources */,
			);
			runOnlyForDeploymentPostprocessing = 0;
		};
		0D9B72452A98D17B00B06C94 /* Sources */ = {
			isa = PBXSourcesBuildPhase;
			buildActionMask = 2147483647;
			files = (
				0D9B72462A98D17B00B06C94 /* Bra.c in Sources */,
				0D9B72472A98D17B00B06C94 /* zstd_ddict.c in Sources */,
				0D9B72482A98D17B00B06C94 /* debug.c in Sources */,
				0D225B7E2AA1751600DBD5B1 /* bzlib.c in Sources */,
				0D9B72492A98D17B00B06C94 /* file_for_patch.c in Sources */,
				0D9B724A2A98D17B00B06C94 /* error_private.c in Sources */,
				0D9B724B2A98D17B00B06C94 /* Sha256.c in Sources */,
				0D9B724C2A98D17B00B06C94 /* Xz.c in Sources */,
				0D9B724D2A98D17B00B06C94 /* huf_decompress.c in Sources */,
				0D225B6D2A99D62600DBD5B1 /* Sha256Opt.c in Sources */,
				0D9B724E2A98D17B00B06C94 /* CpuArch.c in Sources */,
				0D9B724F2A98D17B00B06C94 /* XzDec.c in Sources */,
				0D9B72502A98D17B00B06C94 /* patch.c in Sources */,
				0D9B72512A98D17B00B06C94 /* zstd_decompress_block.c in Sources */,
				0D9B72522A98D17B00B06C94 /* LzmaDec.c in Sources */,
				0D225B802AA1751600DBD5B1 /* blocksort.c in Sources */,
				0D225B862AA1751600DBD5B1 /* compress.c in Sources */,
				0D9B726F2A98D17B00B06C94 /* LzmaDecOpt.S in Sources */,
				0D9B72532A98D17B00B06C94 /* hpatch_objc.m in Sources */,
				0D9B72542A98D17B00B06C94 /* hpatch.c in Sources */,
				0D225B842AA1751600DBD5B1 /* randtable.c in Sources */,
				0D9B72552A98D17B00B06C94 /* Bra86.c in Sources */,
				0D9B72562A98D17B00B06C94 /* Lzma2Dec.c in Sources */,
				0D225B822AA1751600DBD5B1 /* crctable.c in Sources */,
				0D9B72572A98D17B00B06C94 /* xxhash.c in Sources */,
				0D9B72582A98D17B00B06C94 /* bspatch_wrapper.c in Sources */,
				0D225B882AA1751600DBD5B1 /* decompress.c in Sources */,
				0D225B702A99D6C800DBD5B1 /* Alloc.c in Sources */,
				0D9B72592A98D17B00B06C94 /* entropy_common.c in Sources */,
				0D9B725A2A98D17B00B06C94 /* XzCrc64Opt.c in Sources */,
				0D9B725B2A98D17B00B06C94 /* Delta.c in Sources */,
				0D9B725C2A98D17B00B06C94 /* 7zCrc.c in Sources */,
				0D225B8A2AA1751600DBD5B1 /* huffman.c in Sources */,
				0D9B725D2A98D17B00B06C94 /* vcpatch_wrapper.c in Sources */,
				0D9B725E2A98D17B00B06C94 /* XzCrc64.c in Sources */,
				0D9B725F2A98D17B00B06C94 /* fse_decompress.c in Sources */,
				0D9B72602A98D17B00B06C94 /* 7zCrcOpt.c in Sources */,
				0D9B72612A98D17B00B06C94 /* zstd_decompress.c in Sources */,
				0D225B6A2A99D1A200DBD5B1 /* adler_roll.c in Sources */,
				0D9B72622A98D17B00B06C94 /* zstd_common.c in Sources */,
				0D9B72632A98D17B00B06C94 /* BraIA64.c in Sources */,
			);
			runOnlyForDeploymentPostprocessing = 0;
		};
/* End PBXSourcesBuildPhase section */

/* Begin XCBuildConfiguration section */
		0D29812F2A984AC300B5F9D9 /* Debug */ = {
			isa = XCBuildConfiguration;
			buildSettings = {
				ALWAYS_SEARCH_USER_PATHS = NO;
				CLANG_ANALYZER_NONNULL = YES;
				CLANG_ANALYZER_NUMBER_OBJECT_CONVERSION = YES_AGGRESSIVE;
				CLANG_CXX_LANGUAGE_STANDARD = "gnu++17";
				CLANG_CXX_LIBRARY = "libc++";
				CLANG_ENABLE_MODULES = YES;
				CLANG_ENABLE_OBJC_ARC = YES;
				CLANG_ENABLE_OBJC_WEAK = YES;
				CLANG_WARN_BLOCK_CAPTURE_AUTORELEASING = YES;
				CLANG_WARN_BOOL_CONVERSION = YES;
				CLANG_WARN_COMMA = YES;
				CLANG_WARN_CONSTANT_CONVERSION = YES;
				CLANG_WARN_DEPRECATED_OBJC_IMPLEMENTATIONS = YES;
				CLANG_WARN_DIRECT_OBJC_ISA_USAGE = YES_ERROR;
				CLANG_WARN_DOCUMENTATION_COMMENTS = YES;
				CLANG_WARN_EMPTY_BODY = YES;
				CLANG_WARN_ENUM_CONVERSION = YES;
				CLANG_WARN_INFINITE_RECURSION = YES;
				CLANG_WARN_INT_CONVERSION = YES;
				CLANG_WARN_NON_LITERAL_NULL_CONVERSION = YES;
				CLANG_WARN_OBJC_IMPLICIT_RETAIN_SELF = YES;
				CLANG_WARN_OBJC_LITERAL_CONVERSION = YES;
				CLANG_WARN_OBJC_ROOT_CLASS = YES_ERROR;
				CLANG_WARN_QUOTED_INCLUDE_IN_FRAMEWORK_HEADER = YES;
				CLANG_WARN_RANGE_LOOP_ANALYSIS = YES;
				CLANG_WARN_STRICT_PROTOTYPES = YES;
				CLANG_WARN_SUSPICIOUS_MOVE = YES;
				CLANG_WARN_UNGUARDED_AVAILABILITY = YES_AGGRESSIVE;
				CLANG_WARN_UNREACHABLE_CODE = YES;
				CLANG_WARN__DUPLICATE_METHOD_MATCH = YES;
				DEBUG_INFORMATION_FORMAT = dwarf;
				ENABLE_STRICT_OBJC_MSGSEND = YES;
				ENABLE_TESTABILITY = YES;
				GCC_C_LANGUAGE_STANDARD = gnu11;
				GCC_DYNAMIC_NO_PIC = NO;
				GCC_NO_COMMON_BLOCKS = YES;
				GCC_OPTIMIZATION_LEVEL = 0;
				GCC_PREPROCESSOR_DEFINITIONS = (
					"DEBUG=1",
					Z7_ST,
					ZSTD_STATIC_LINKING_ONLY,
					"ZSTD_HAVE_WEAK_SYMBOLS=0",
					"ZSTD_TRACE=0",
					"ZSTD_DISABLE_ASM=1",
					"ZSTDLIB_VISIBLE=",
					"ZSTDLIB_HIDDEN=",
					"_IS_NEED_DEFAULT_CompressPlugin=0",
					_CompressPlugin_zlib,
					_CompressPlugin_bz2,
					_CompressPlugin_lzma,
					_CompressPluginlzma2,
					_CompressPlugin_zstd,
					_CompressPlugn_7zXZ,
					"$(inherited)",
				);
				GCC_WARN_64_TO_32_BIT_CONVERSION = YES;
				GCC_WARN_ABOUT_RETURN_TYPE = YES_ERROR;
				GCC_WARN_UNDECLARED_SELECTOR = YES;
				GCC_WARN_UNINITIALIZED_AUTOS = YES_AGGRESSIVE;
				GCC_WARN_UNUSED_FUNCTION = YES;
				GCC_WARN_UNUSED_VARIABLE = YES;
				HEADER_SEARCH_PATHS = (
					../../../lzma/C/,
					../../../zstd/lib/,
					../../../zstd/lib/common,
					../../../zstd/lib/decompress,
				);
				IPHONEOS_DEPLOYMENT_TARGET = 9.0;
				MACOSX_DEPLOYMENT_TARGET = 10.9;
				MTL_ENABLE_DEBUG_INFO = INCLUDE_SOURCE;
				MTL_FAST_MATH = YES;
				ONLY_ACTIVE_ARCH = YES;
				SDKROOT = iphoneos;
				TARGETED_DEVICE_FAMILY = "1,2,6";
				TVOS_DEPLOYMENT_TARGET = 9.0;
				WATCHOS_DEPLOYMENT_TARGET = 2.0;
			};
			name = Debug;
		};
		0D2981302A984AC300B5F9D9 /* Release */ = {
			isa = XCBuildConfiguration;
			buildSettings = {
				ALWAYS_SEARCH_USER_PATHS = NO;
				CLANG_ANALYZER_NONNULL = YES;
				CLANG_ANALYZER_NUMBER_OBJECT_CONVERSION = YES_AGGRESSIVE;
				CLANG_CXX_LANGUAGE_STANDARD = "gnu++17";
				CLANG_CXX_LIBRARY = "libc++";
				CLANG_ENABLE_MODULES = YES;
				CLANG_ENABLE_OBJC_ARC = YES;
				CLANG_ENABLE_OBJC_WEAK = YES;
				CLANG_WARN_BLOCK_CAPTURE_AUTORELEASING = YES;
				CLANG_WARN_BOOL_CONVERSION = YES;
				CLANG_WARN_COMMA = YES;
				CLANG_WARN_CONSTANT_CONVERSION = YES;
				CLANG_WARN_DEPRECATED_OBJC_IMPLEMENTATIONS = YES;
				CLANG_WARN_DIRECT_OBJC_ISA_USAGE = YES_ERROR;
				CLANG_WARN_DOCUMENTATION_COMMENTS = YES;
				CLANG_WARN_EMPTY_BODY = YES;
				CLANG_WARN_ENUM_CONVERSION = YES;
				CLANG_WARN_INFINITE_RECURSION = YES;
				CLANG_WARN_INT_CONVERSION = YES;
				CLANG_WARN_NON_LITERAL_NULL_CONVERSION = YES;
				CLANG_WARN_OBJC_IMPLICIT_RETAIN_SELF = YES;
				CLANG_WARN_OBJC_LITERAL_CONVERSION = YES;
				CLANG_WARN_OBJC_ROOT_CLASS = YES_ERROR;
				CLANG_WARN_QUOTED_INCLUDE_IN_FRAMEWORK_HEADER = YES;
				CLANG_WARN_RANGE_LOOP_ANALYSIS = YES;
				CLANG_WARN_STRICT_PROTOTYPES = YES;
				CLANG_WARN_SUSPICIOUS_MOVE = YES;
				CLANG_WARN_UNGUARDED_AVAILABILITY = YES_AGGRESSIVE;
				CLANG_WARN_UNREACHABLE_CODE = YES;
				CLANG_WARN__DUPLICATE_METHOD_MATCH = YES;
				DEBUG_INFORMATION_FORMAT = "dwarf-with-dsym";
				ENABLE_NS_ASSERTIONS = NO;
				ENABLE_STRICT_OBJC_MSGSEND = YES;
				GCC_C_LANGUAGE_STANDARD = gnu11;
				GCC_NO_COMMON_BLOCKS = YES;
				GCC_PREPROCESSOR_DEFINITIONS = (
					NDEBUG,
					Z7_ST,
					ZSTD_STATIC_LINKING_ONLY,
					"ZSTD_HAVE_WEAK_SYMBOLS=0",
					"ZSTD_TRACE=0",
					"ZSTD_DISABLE_ASM=1",
					"ZSTDLIB_VISIBLE=",
					"ZSTDLIB_HIDDEN=",
					"_IS_NEED_DEFAULT_CompressPlugin=0",
					_CompressPlugin_zlib,
					_CompressPlugin_bz2,
					_CompressPlugin_lzma,
					_CompressPluginlzma2,
					_CompressPlugin_zstd,
					_CompressPlugn_7zXZ,
				);
				GCC_WARN_64_TO_32_BIT_CONVERSION = YES;
				GCC_WARN_ABOUT_RETURN_TYPE = YES_ERROR;
				GCC_WARN_UNDECLARED_SELECTOR = YES;
				GCC_WARN_UNINITIALIZED_AUTOS = YES_AGGRESSIVE;
				GCC_WARN_UNUSED_FUNCTION = YES;
				GCC_WARN_UNUSED_VARIABLE = YES;
				HEADER_SEARCH_PATHS = (
					../../../lzma/C/,
					../../../zstd/lib/,
					../../../zstd/lib/common,
					../../../zstd/lib/decompress,
				);
				IPHONEOS_DEPLOYMENT_TARGET = 9.0;
				MACOSX_DEPLOYMENT_TARGET = 10.9;
				MTL_ENABLE_DEBUG_INFO = NO;
				MTL_FAST_MATH = YES;
				SDKROOT = iphoneos;
				TARGETED_DEVICE_FAMILY = "1,2,6";
				TVOS_DEPLOYMENT_TARGET = 9.0;
				WATCHOS_DEPLOYMENT_TARGET = 2.0;
			};
			name = Release;
		};
		0D2981322A984AC300B5F9D9 /* Debug */ = {
			isa = XCBuildConfiguration;
			buildSettings = {
				CODE_SIGN_STYLE = Automatic;
				OTHER_LDFLAGS = "-ObjC";
				PRODUCT_NAME = "$(TARGET_NAME)";
				SKIP_INSTALL = YES;
			};
			name = Debug;
		};
		0D2981332A984AC300B5F9D9 /* Release */ = {
			isa = XCBuildConfiguration;
			buildSettings = {
				CODE_SIGN_STYLE = Automatic;
				OTHER_LDFLAGS = "-ObjC";
				PRODUCT_NAME = "$(TARGET_NAME)";
				SKIP_INSTALL = YES;
			};
			name = Release;
		};
		0D9B726B2A98D17B00B06C94 /* Debug */ = {
			isa = XCBuildConfiguration;
			buildSettings = {
				ARCHS = arm64;
				CODE_SIGN_STYLE = Automatic;
				GCC_PREPROCESSOR_DEFINITIONS = (
					"DEBUG=1",
					Z7_ST,
					ZSTD_STATIC_LINKING_ONLY,
					"ZSTD_HAVE_WEAK_SYMBOLS=0",
					"ZSTD_TRACE=0",
					"ZSTD_DISABLE_ASM=1",
					"ZSTDLIB_VISIBLE=",
					"ZSTDLIB_HIDDEN=",
					"_IS_NEED_DEFAULT_CompressPlugin=0",
                    _CompressPlugin_zlib,
                    _CompressPlugin_bz2,
                    _CompressPlugin_lzma,
                    _CompressPluginlzma2,
                    _CompressPlugin_zstd,
                    _CompressPlugn_7zXZ,
					Z7_LZMA_DEC_OPT,
					USE_CRC_EMU,
					"$(inherited)",
				);
				OTHER_LDFLAGS = "-ObjC";
				PRODUCT_NAME = "$(TARGET_NAME)";
				SKIP_INSTALL = YES;
			};
			name = Debug;
		};
		0D9B726C2A98D17B00B06C94 /* Release */ = {
			isa = XCBuildConfiguration;
			buildSettings = {
				ARCHS = arm64;
				CODE_SIGN_STYLE = Automatic;
				GCC_PREPROCESSOR_DEFINITIONS = (
					NDEBUG,
					Z7_ST,
					ZSTD_STATIC_LINKING_ONLY,
					"ZSTD_HAVE_WEAK_SYMBOLS=0",
					"ZSTD_TRACE=0",
					"ZSTD_DISABLE_ASM=1",
					"ZSTDLIB_VISIBLE=",
					"ZSTDLIB_HIDDEN=",
					"_IS_NEED_DEFAULT_CompressPlugin=0",
                    _CompressPlugin_zlib,
                    _CompressPlugin_bz2,
                    _CompressPlugin_lzma,
                    _CompressPluginlzma2,
                    _CompressPlugin_zstd,
                    _CompressPlugn_7zXZ,
					Z7_LZMA_DEC_OPT,
					USE_CRC_EMU,
				);
				ONLY_ACTIVE_ARCH = YES;
				OTHER_LDFLAGS = "-ObjC";
				PRODUCT_NAME = "$(TARGET_NAME)";
				SKIP_INSTALL = YES;
			};
			name = Release;
		};
/* End XCBuildConfiguration section */

/* Begin XCConfigurationList section */
		0D2981232A984AC300B5F9D9 /* Build configuration list for PBXProject "hpatchz" */ = {
			isa = XCConfigurationList;
			buildConfigurations = (
				0D29812F2A984AC300B5F9D9 /* Debug */,
				0D2981302A984AC300B5F9D9 /* Release */,
			);
			defaultConfigurationIsVisible = 0;
			defaultConfigurationName = Release;
		};
		0D2981312A984AC300B5F9D9 /* Build configuration list for PBXNativeTarget "hpatchz" */ = {
			isa = XCConfigurationList;
			buildConfigurations = (
				0D2981322A984AC300B5F9D9 /* Debug */,
				0D2981332A984AC300B5F9D9 /* Release */,
			);
			defaultConfigurationIsVisible = 0;
			defaultConfigurationName = Release;
		};
		0D9B726A2A98D17B00B06C94 /* Build configuration list for PBXNativeTarget "hpatchz_arm64" */ = {
			isa = XCConfigurationList;
			buildConfigurations = (
				0D9B726B2A98D17B00B06C94 /* Debug */,
				0D9B726C2A98D17B00B06C94 /* Release */,
			);
			defaultConfigurationIsVisible = 0;
			defaultConfigurationName = Release;
		};
/* End XCConfigurationList section */
	};
	rootObject = 0D2981202A984AC300B5F9D9 /* Project object */;
}
